// !$*UTF8*$!
{
	archiveVersion = 1;
	classes = {
	};
	objectVersion = 55;
	objects = {

/* Begin PBXBuildFile section */
		27696B8C275D14AE00040681 /* Images.xcassets in Resources */ = {isa = PBXBuildFile; fileRef = 27696B57275D14AE00040681 /* Images.xcassets */; };
		2BCACAEA280EA94B00110F51 /* ReorderViewController.swift in Sources */ = {isa = PBXBuildFile; fileRef = 2BCACAE9280EA94B00110F51 /* ReorderViewController.swift */; };
		2BCACAEC280EAB2600110F51 /* DCCollectionController.swift in Sources */ = {isa = PBXBuildFile; fileRef = 2BCACAEB280EAB2600110F51 /* DCCollectionController.swift */; };
		2BCACAEE280EAB3300110F51 /* DCRefreshViewController.swift in Sources */ = {isa = PBXBuildFile; fileRef = 2BCACAED280EAB3300110F51 /* DCRefreshViewController.swift */; };
		BC1BFD70280E76990024CB73 /* RefreshViewController.swift in Sources */ = {isa = PBXBuildFile; fileRef = BC1BFD40280E76990024CB73 /* RefreshViewController.swift */; };
		BC1BFD71280E76990024CB73 /* RefreshMockDataAPI.swift in Sources */ = {isa = PBXBuildFile; fileRef = BC1BFD41280E76990024CB73 /* RefreshMockDataAPI.swift */; };
		BC1BFD72280E76990024CB73 /* RefreshContainerModel.swift in Sources */ = {isa = PBXBuildFile; fileRef = BC1BFD42280E76990024CB73 /* RefreshContainerModel.swift */; };
		BC1BFD73280E76990024CB73 /* CategoryTitlesContainerModel.swift in Sources */ = {isa = PBXBuildFile; fileRef = BC1BFD44280E76990024CB73 /* CategoryTitlesContainerModel.swift */; };
		BC1BFD74280E76990024CB73 /* CategoryTitleCell.swift in Sources */ = {isa = PBXBuildFile; fileRef = BC1BFD45280E76990024CB73 /* CategoryTitleCell.swift */; };
		BC1BFD75280E76990024CB73 /* CategoryData.swift in Sources */ = {isa = PBXBuildFile; fileRef = BC1BFD46280E76990024CB73 /* CategoryData.swift */; };
		BC1BFD76280E76990024CB73 /* CategoryProductsContainerModel.swift in Sources */ = {isa = PBXBuildFile; fileRef = BC1BFD47280E76990024CB73 /* CategoryProductsContainerModel.swift */; };
		BC1BFD77280E76990024CB73 /* CategoryHeaderCell.swift in Sources */ = {isa = PBXBuildFile; fileRef = BC1BFD48280E76990024CB73 /* CategoryHeaderCell.swift */; };
		BC1BFD78280E76990024CB73 /* CategoryViewController.swift in Sources */ = {isa = PBXBuildFile; fileRef = BC1BFD49280E76990024CB73 /* CategoryViewController.swift */; };
		BC1BFD79280E76990024CB73 /* ShoppingCartContainerModel2.swift in Sources */ = {isa = PBXBuildFile; fileRef = BC1BFD4B280E76990024CB73 /* ShoppingCartContainerModel2.swift */; };
		BC1BFD7A280E76990024CB73 /* ShoppingCartViewController2.swift in Sources */ = {isa = PBXBuildFile; fileRef = BC1BFD4C280E76990024CB73 /* ShoppingCartViewController2.swift */; };
		BC1BFD7B280E76990024CB73 /* ShoppingCartTotalCell.swift in Sources */ = {isa = PBXBuildFile; fileRef = BC1BFD4D280E76990024CB73 /* ShoppingCartTotalCell.swift */; };
		BC1BFD7C280E76990024CB73 /* SimpleListViewController.swift in Sources */ = {isa = PBXBuildFile; fileRef = BC1BFD4F280E76990024CB73 /* SimpleListViewController.swift */; };
		BC1BFD7D280E76990024CB73 /* SimpleLabelCell.swift in Sources */ = {isa = PBXBuildFile; fileRef = BC1BFD50280E76990024CB73 /* SimpleLabelCell.swift */; };
		BC1BFD7E280E76990024CB73 /* GridsMockData.swift in Sources */ = {isa = PBXBuildFile; fileRef = BC1BFD52280E76990024CB73 /* GridsMockData.swift */; };
		BC1BFD7F280E76990024CB73 /* ProductGridViewController.swift in Sources */ = {isa = PBXBuildFile; fileRef = BC1BFD53280E76990024CB73 /* ProductGridViewController.swift */; };
		BC1BFD80280E76990024CB73 /* GridPickedContainerModel.swift in Sources */ = {isa = PBXBuildFile; fileRef = BC1BFD54280E76990024CB73 /* GridPickedContainerModel.swift */; };
		BC1BFD81280E76990024CB73 /* GridItemCell.swift in Sources */ = {isa = PBXBuildFile; fileRef = BC1BFD55280E76990024CB73 /* GridItemCell.swift */; };
		BC1BFD82280E76990024CB73 /* GridNewUserContainerModel.swift in Sources */ = {isa = PBXBuildFile; fileRef = BC1BFD56280E76990024CB73 /* GridNewUserContainerModel.swift */; };
		BC1BFD83280E76990024CB73 /* GridTitleCell.swift in Sources */ = {isa = PBXBuildFile; fileRef = BC1BFD57280E76990024CB73 /* GridTitleCell.swift */; };
		BC1BFD84280E76990024CB73 /* GridCategoryGroudModel.swift in Sources */ = {isa = PBXBuildFile; fileRef = BC1BFD58280E76990024CB73 /* GridCategoryGroudModel.swift */; };
		BC1BFD85280E76990024CB73 /* ShoppingCartTotalView.swift in Sources */ = {isa = PBXBuildFile; fileRef = BC1BFD5A280E76990024CB73 /* ShoppingCartTotalView.swift */; };
		BC1BFD86280E76990024CB73 /* ShoppingCartViewController.swift in Sources */ = {isa = PBXBuildFile; fileRef = BC1BFD5B280E76990024CB73 /* ShoppingCartViewController.swift */; };
		BC1BFD87280E76990024CB73 /* ShoppingCartContainerModel.swift in Sources */ = {isa = PBXBuildFile; fileRef = BC1BFD5C280E76990024CB73 /* ShoppingCartContainerModel.swift */; };
		BC1BFD88280E76990024CB73 /* ShoppingCartData.swift in Sources */ = {isa = PBXBuildFile; fileRef = BC1BFD5D280E76990024CB73 /* ShoppingCartData.swift */; };
		BC1BFD89280E76990024CB73 /* ShoppingCartProductCell.swift in Sources */ = {isa = PBXBuildFile; fileRef = BC1BFD5E280E76990024CB73 /* ShoppingCartProductCell.swift */; };
		BC1BFD8A280E76990024CB73 /* ShoppingCartTitleCell.swift in Sources */ = {isa = PBXBuildFile; fileRef = BC1BFD5F280E76990024CB73 /* ShoppingCartTitleCell.swift */; };
		BC1BFD8B280E76990024CB73 /* PhotoAlbumMonthContainerModel.swift in Sources */ = {isa = PBXBuildFile; fileRef = BC1BFD61280E76990024CB73 /* PhotoAlbumMonthContainerModel.swift */; };
		BC1BFD8C280E76990024CB73 /* PhotoAlbumContainerModel.swift in Sources */ = {isa = PBXBuildFile; fileRef = BC1BFD62280E76990024CB73 /* PhotoAlbumContainerModel.swift */; };
		BC1BFD8D280E76990024CB73 /* PhotoAlbumViewController.swift in Sources */ = {isa = PBXBuildFile; fileRef = BC1BFD63280E76990024CB73 /* PhotoAlbumViewController.swift */; };
		BC1BFD8E280E76990024CB73 /* PhotoAlbumData.swift in Sources */ = {isa = PBXBuildFile; fileRef = BC1BFD64280E76990024CB73 /* PhotoAlbumData.swift */; };
		BC1BFD8F280E76990024CB73 /* PhotoAlbumShowAllCell.swift in Sources */ = {isa = PBXBuildFile; fileRef = BC1BFD65280E76990024CB73 /* PhotoAlbumShowAllCell.swift */; };
		BC1BFD90280E76990024CB73 /* DemosContainerModel.swift in Sources */ = {isa = PBXBuildFile; fileRef = BC1BFD67280E76990024CB73 /* DemosContainerModel.swift */; };
		BC1BFD91280E76990024CB73 /* ViewController.swift in Sources */ = {isa = PBXBuildFile; fileRef = BC1BFD68280E76990024CB73 /* ViewController.swift */; };
		BC1BFD92280E76990024CB73 /* SimpleLabelCellModel.swift in Sources */ = {isa = PBXBuildFile; fileRef = BC1BFD69280E76990024CB73 /* SimpleLabelCellModel.swift */; };
		BC1BFD93280E76990024CB73 /* DemosExtensions.swift in Sources */ = {isa = PBXBuildFile; fileRef = BC1BFD6A280E76990024CB73 /* DemosExtensions.swift */; };
		BC1BFD94280E76990024CB73 /* DemosLabelCell.swift in Sources */ = {isa = PBXBuildFile; fileRef = BC1BFD6B280E76990024CB73 /* DemosLabelCell.swift */; };
		BC1BFD96280E76990024CB73 /* AppDelegate.swift in Sources */ = {isa = PBXBuildFile; fileRef = BC1BFD6D280E76990024CB73 /* AppDelegate.swift */; };
		BC1BFD97280E76990024CB73 /* DemosData.swift in Sources */ = {isa = PBXBuildFile; fileRef = BC1BFD6E280E76990024CB73 /* DemosData.swift */; };
		BC1BFD9D280E88DF0024CB73 /* Then in Frameworks */ = {isa = PBXBuildFile; productRef = BC1BFD9C280E88DF0024CB73 /* Then */; };
		BC1BFDA0280E89310024CB73 /* SnapKit in Frameworks */ = {isa = PBXBuildFile; productRef = BC1BFD9F280E89310024CB73 /* SnapKit */; };
		BC5C9A39280E8A7D0014C2C2 /* DCFrame in Frameworks */ = {isa = PBXBuildFile; productRef = BC5C9A38280E8A7D0014C2C2 /* DCFrame */; };
		BC5C9A3C280E8BAB0014C2C2 /* LaunchScreen.xib in Resources */ = {isa = PBXBuildFile; fileRef = 27696B5C275D14AE00040681 /* LaunchScreen.xib */; };
/* End PBXBuildFile section */

/* Begin PBXFileReference section */
		273A1A3A275D142400D37EB9 /* DCFrameExample.app */ = {isa = PBXFileReference; explicitFileType = wrapper.application; includeInIndex = 0; path = DCFrameExample.app; sourceTree = BUILT_PRODUCTS_DIR; };
		27696B4B275D14AE00040681 /* Info.plist */ = {isa = PBXFileReference; fileEncoding = 4; lastKnownFileType = text.plist.xml; path = Info.plist; sourceTree = "<group>"; };
		27696B57275D14AE00040681 /* Images.xcassets */ = {isa = PBXFileReference; lastKnownFileType = folder.assetcatalog; path = Images.xcassets; sourceTree = "<group>"; };
		27696B5D275D14AE00040681 /* Base */ = {isa = PBXFileReference; lastKnownFileType = file.xib; name = Base; path = LaunchScreen.xib; sourceTree = "<group>"; };
		2BCACAE9280EA94B00110F51 /* ReorderViewController.swift */ = {isa = PBXFileReference; fileEncoding = 4; lastKnownFileType = sourcecode.swift; path = ReorderViewController.swift; sourceTree = "<group>"; };
		2BCACAEB280EAB2600110F51 /* DCCollectionController.swift */ = {isa = PBXFileReference; fileEncoding = 4; lastKnownFileType = sourcecode.swift; path = DCCollectionController.swift; sourceTree = "<group>"; };
		2BCACAED280EAB3300110F51 /* DCRefreshViewController.swift */ = {isa = PBXFileReference; fileEncoding = 4; lastKnownFileType = sourcecode.swift; path = DCRefreshViewController.swift; sourceTree = "<group>"; };
		BC1BFD40280E76990024CB73 /* RefreshViewController.swift */ = {isa = PBXFileReference; fileEncoding = 4; lastKnownFileType = sourcecode.swift; path = RefreshViewController.swift; sourceTree = "<group>"; };
		BC1BFD41280E76990024CB73 /* RefreshMockDataAPI.swift */ = {isa = PBXFileReference; fileEncoding = 4; lastKnownFileType = sourcecode.swift; path = RefreshMockDataAPI.swift; sourceTree = "<group>"; };
		BC1BFD42280E76990024CB73 /* RefreshContainerModel.swift */ = {isa = PBXFileReference; fileEncoding = 4; lastKnownFileType = sourcecode.swift; path = RefreshContainerModel.swift; sourceTree = "<group>"; };
		BC1BFD44280E76990024CB73 /* CategoryTitlesContainerModel.swift */ = {isa = PBXFileReference; fileEncoding = 4; lastKnownFileType = sourcecode.swift; path = CategoryTitlesContainerModel.swift; sourceTree = "<group>"; };
		BC1BFD45280E76990024CB73 /* CategoryTitleCell.swift */ = {isa = PBXFileReference; fileEncoding = 4; lastKnownFileType = sourcecode.swift; path = CategoryTitleCell.swift; sourceTree = "<group>"; };
		BC1BFD46280E76990024CB73 /* CategoryData.swift */ = {isa = PBXFileReference; fileEncoding = 4; lastKnownFileType = sourcecode.swift; path = CategoryData.swift; sourceTree = "<group>"; };
		BC1BFD47280E76990024CB73 /* CategoryProductsContainerModel.swift */ = {isa = PBXFileReference; fileEncoding = 4; lastKnownFileType = sourcecode.swift; path = CategoryProductsContainerModel.swift; sourceTree = "<group>"; };
		BC1BFD48280E76990024CB73 /* CategoryHeaderCell.swift */ = {isa = PBXFileReference; fileEncoding = 4; lastKnownFileType = sourcecode.swift; path = CategoryHeaderCell.swift; sourceTree = "<group>"; };
		BC1BFD49280E76990024CB73 /* CategoryViewController.swift */ = {isa = PBXFileReference; fileEncoding = 4; lastKnownFileType = sourcecode.swift; path = CategoryViewController.swift; sourceTree = "<group>"; };
		BC1BFD4B280E76990024CB73 /* ShoppingCartContainerModel2.swift */ = {isa = PBXFileReference; fileEncoding = 4; lastKnownFileType = sourcecode.swift; path = ShoppingCartContainerModel2.swift; sourceTree = "<group>"; };
		BC1BFD4C280E76990024CB73 /* ShoppingCartViewController2.swift */ = {isa = PBXFileReference; fileEncoding = 4; lastKnownFileType = sourcecode.swift; path = ShoppingCartViewController2.swift; sourceTree = "<group>"; };
		BC1BFD4D280E76990024CB73 /* ShoppingCartTotalCell.swift */ = {isa = PBXFileReference; fileEncoding = 4; lastKnownFileType = sourcecode.swift; path = ShoppingCartTotalCell.swift; sourceTree = "<group>"; };
		BC1BFD4F280E76990024CB73 /* SimpleListViewController.swift */ = {isa = PBXFileReference; fileEncoding = 4; lastKnownFileType = sourcecode.swift; path = SimpleListViewController.swift; sourceTree = "<group>"; };
		BC1BFD50280E76990024CB73 /* SimpleLabelCell.swift */ = {isa = PBXFileReference; fileEncoding = 4; lastKnownFileType = sourcecode.swift; path = SimpleLabelCell.swift; sourceTree = "<group>"; };
		BC1BFD52280E76990024CB73 /* GridsMockData.swift */ = {isa = PBXFileReference; fileEncoding = 4; lastKnownFileType = sourcecode.swift; path = GridsMockData.swift; sourceTree = "<group>"; };
		BC1BFD53280E76990024CB73 /* ProductGridViewController.swift */ = {isa = PBXFileReference; fileEncoding = 4; lastKnownFileType = sourcecode.swift; path = ProductGridViewController.swift; sourceTree = "<group>"; };
		BC1BFD54280E76990024CB73 /* GridPickedContainerModel.swift */ = {isa = PBXFileReference; fileEncoding = 4; lastKnownFileType = sourcecode.swift; path = GridPickedContainerModel.swift; sourceTree = "<group>"; };
		BC1BFD55280E76990024CB73 /* GridItemCell.swift */ = {isa = PBXFileReference; fileEncoding = 4; lastKnownFileType = sourcecode.swift; path = GridItemCell.swift; sourceTree = "<group>"; };
		BC1BFD56280E76990024CB73 /* GridNewUserContainerModel.swift */ = {isa = PBXFileReference; fileEncoding = 4; lastKnownFileType = sourcecode.swift; path = GridNewUserContainerModel.swift; sourceTree = "<group>"; };
		BC1BFD57280E76990024CB73 /* GridTitleCell.swift */ = {isa = PBXFileReference; fileEncoding = 4; lastKnownFileType = sourcecode.swift; path = GridTitleCell.swift; sourceTree = "<group>"; };
		BC1BFD58280E76990024CB73 /* GridCategoryGroudModel.swift */ = {isa = PBXFileReference; fileEncoding = 4; lastKnownFileType = sourcecode.swift; path = GridCategoryGroudModel.swift; sourceTree = "<group>"; };
		BC1BFD5A280E76990024CB73 /* ShoppingCartTotalView.swift */ = {isa = PBXFileReference; fileEncoding = 4; lastKnownFileType = sourcecode.swift; path = ShoppingCartTotalView.swift; sourceTree = "<group>"; };
		BC1BFD5B280E76990024CB73 /* ShoppingCartViewController.swift */ = {isa = PBXFileReference; fileEncoding = 4; lastKnownFileType = sourcecode.swift; path = ShoppingCartViewController.swift; sourceTree = "<group>"; };
		BC1BFD5C280E76990024CB73 /* ShoppingCartContainerModel.swift */ = {isa = PBXFileReference; fileEncoding = 4; lastKnownFileType = sourcecode.swift; path = ShoppingCartContainerModel.swift; sourceTree = "<group>"; };
		BC1BFD5D280E76990024CB73 /* ShoppingCartData.swift */ = {isa = PBXFileReference; fileEncoding = 4; lastKnownFileType = sourcecode.swift; path = ShoppingCartData.swift; sourceTree = "<group>"; };
		BC1BFD5E280E76990024CB73 /* ShoppingCartProductCell.swift */ = {isa = PBXFileReference; fileEncoding = 4; lastKnownFileType = sourcecode.swift; path = ShoppingCartProductCell.swift; sourceTree = "<group>"; };
		BC1BFD5F280E76990024CB73 /* ShoppingCartTitleCell.swift */ = {isa = PBXFileReference; fileEncoding = 4; lastKnownFileType = sourcecode.swift; path = ShoppingCartTitleCell.swift; sourceTree = "<group>"; };
		BC1BFD61280E76990024CB73 /* PhotoAlbumMonthContainerModel.swift */ = {isa = PBXFileReference; fileEncoding = 4; lastKnownFileType = sourcecode.swift; path = PhotoAlbumMonthContainerModel.swift; sourceTree = "<group>"; };
		BC1BFD62280E76990024CB73 /* PhotoAlbumContainerModel.swift */ = {isa = PBXFileReference; fileEncoding = 4; lastKnownFileType = sourcecode.swift; path = PhotoAlbumContainerModel.swift; sourceTree = "<group>"; };
		BC1BFD63280E76990024CB73 /* PhotoAlbumViewController.swift */ = {isa = PBXFileReference; fileEncoding = 4; lastKnownFileType = sourcecode.swift; path = PhotoAlbumViewController.swift; sourceTree = "<group>"; };
		BC1BFD64280E76990024CB73 /* PhotoAlbumData.swift */ = {isa = PBXFileReference; fileEncoding = 4; lastKnownFileType = sourcecode.swift; path = PhotoAlbumData.swift; sourceTree = "<group>"; };
		BC1BFD65280E76990024CB73 /* PhotoAlbumShowAllCell.swift */ = {isa = PBXFileReference; fileEncoding = 4; lastKnownFileType = sourcecode.swift; path = PhotoAlbumShowAllCell.swift; sourceTree = "<group>"; };
		BC1BFD67280E76990024CB73 /* DemosContainerModel.swift */ = {isa = PBXFileReference; fileEncoding = 4; lastKnownFileType = sourcecode.swift; path = DemosContainerModel.swift; sourceTree = "<group>"; };
		BC1BFD68280E76990024CB73 /* ViewController.swift */ = {isa = PBXFileReference; fileEncoding = 4; lastKnownFileType = sourcecode.swift; path = ViewController.swift; sourceTree = "<group>"; };
		BC1BFD69280E76990024CB73 /* SimpleLabelCellModel.swift */ = {isa = PBXFileReference; fileEncoding = 4; lastKnownFileType = sourcecode.swift; path = SimpleLabelCellModel.swift; sourceTree = "<group>"; };
		BC1BFD6A280E76990024CB73 /* DemosExtensions.swift */ = {isa = PBXFileReference; fileEncoding = 4; lastKnownFileType = sourcecode.swift; path = DemosExtensions.swift; sourceTree = "<group>"; };
		BC1BFD6B280E76990024CB73 /* DemosLabelCell.swift */ = {isa = PBXFileReference; fileEncoding = 4; lastKnownFileType = sourcecode.swift; path = DemosLabelCell.swift; sourceTree = "<group>"; };
		BC1BFD6D280E76990024CB73 /* AppDelegate.swift */ = {isa = PBXFileReference; fileEncoding = 4; lastKnownFileType = sourcecode.swift; path = AppDelegate.swift; sourceTree = "<group>"; };
		BC1BFD6E280E76990024CB73 /* DemosData.swift */ = {isa = PBXFileReference; fileEncoding = 4; lastKnownFileType = sourcecode.swift; path = DemosData.swift; sourceTree = "<group>"; };
		BC1BFD9A280E86A60024CB73 /* DCFrame */ = {isa = PBXFileReference; lastKnownFileType = wrapper; name = DCFrame; path = ..; sourceTree = "<group>"; };
/* End PBXFileReference section */

/* Begin PBXFrameworksBuildPhase section */
		273A1A37275D142400D37EB9 /* Frameworks */ = {
			isa = PBXFrameworksBuildPhase;
			buildActionMask = 2147483647;
			files = (
				BC5C9A39280E8A7D0014C2C2 /* DCFrame in Frameworks */,
				BC1BFD9D280E88DF0024CB73 /* Then in Frameworks */,
				BC1BFDA0280E89310024CB73 /* SnapKit in Frameworks */,
			);
			runOnlyForDeploymentPostprocessing = 0;
		};
/* End PBXFrameworksBuildPhase section */

/* Begin PBXGroup section */
		273A1A31275D142400D37EB9 = {
			isa = PBXGroup;
			children = (
				BC1BFD99280E86A60024CB73 /* Packages */,
				273A1A3C275D142400D37EB9 /* DCFrameExample */,
				273A1A3B275D142400D37EB9 /* Products */,
				27696BA2275D14DC00040681 /* Frameworks */,
			);
			sourceTree = "<group>";
		};
		273A1A3B275D142400D37EB9 /* Products */ = {
			isa = PBXGroup;
			children = (
				273A1A3A275D142400D37EB9 /* DCFrameExample.app */,
			);
			name = Products;
			sourceTree = "<group>";
		};
		273A1A3C275D142400D37EB9 /* DCFrameExample */ = {
			isa = PBXGroup;
			children = (
				27696B5B275D14AE00040681 /* Base.lproj */,
				BC1BFD3E280E76990024CB73 /* Example */,
				27696B57275D14AE00040681 /* Images.xcassets */,
				27696B4B275D14AE00040681 /* Info.plist */,
			);
			path = DCFrameExample;
			sourceTree = "<group>";
		};
		27696B5B275D14AE00040681 /* Base.lproj */ = {
			isa = PBXGroup;
			children = (
				27696B5C275D14AE00040681 /* LaunchScreen.xib */,
			);
			path = Base.lproj;
			sourceTree = "<group>";
		};
		27696BA2275D14DC00040681 /* Frameworks */ = {
			isa = PBXGroup;
			children = (
			);
			name = Frameworks;
			sourceTree = "<group>";
		};
		2BCACAE8280EA94B00110F51 /* Reorder */ = {
			isa = PBXGroup;
			children = (
				2BCACAE9280EA94B00110F51 /* ReorderViewController.swift */,
			);
			path = Reorder;
			sourceTree = "<group>";
		};
		BC1BFD3E280E76990024CB73 /* Example */ = {
			isa = PBXGroup;
			children = (
				2BCACAE8280EA94B00110F51 /* Reorder */,
				BC1BFD3F280E76990024CB73 /* RefreshAndLoad */,
				BC1BFD43280E76990024CB73 /* Category */,
				BC1BFD4A280E76990024CB73 /* ShoppingCart2 */,
				BC1BFD4E280E76990024CB73 /* SimpleList */,
				BC1BFD51280E76990024CB73 /* ProductGrid */,
				BC1BFD59280E76990024CB73 /* ShoppingCart */,
				BC1BFD60280E76990024CB73 /* PhotoAlbum */,
				BC1BFD66280E76990024CB73 /* Base */,
			);
			path = Example;
			sourceTree = "<group>";
		};
		BC1BFD3F280E76990024CB73 /* RefreshAndLoad */ = {
			isa = PBXGroup;
			children = (
				BC1BFD40280E76990024CB73 /* RefreshViewController.swift */,
				BC1BFD41280E76990024CB73 /* RefreshMockDataAPI.swift */,
				BC1BFD42280E76990024CB73 /* RefreshContainerModel.swift */,
			);
			path = RefreshAndLoad;
			sourceTree = "<group>";
		};
		BC1BFD43280E76990024CB73 /* Category */ = {
			isa = PBXGroup;
			children = (
				BC1BFD44280E76990024CB73 /* CategoryTitlesContainerModel.swift */,
				BC1BFD45280E76990024CB73 /* CategoryTitleCell.swift */,
				BC1BFD46280E76990024CB73 /* CategoryData.swift */,
				BC1BFD47280E76990024CB73 /* CategoryProductsContainerModel.swift */,
				BC1BFD48280E76990024CB73 /* CategoryHeaderCell.swift */,
				BC1BFD49280E76990024CB73 /* CategoryViewController.swift */,
			);
			path = Category;
			sourceTree = "<group>";
		};
		BC1BFD4A280E76990024CB73 /* ShoppingCart2 */ = {
			isa = PBXGroup;
			children = (
				BC1BFD4B280E76990024CB73 /* ShoppingCartContainerModel2.swift */,
				BC1BFD4C280E76990024CB73 /* ShoppingCartViewController2.swift */,
				BC1BFD4D280E76990024CB73 /* ShoppingCartTotalCell.swift */,
			);
			path = ShoppingCart2;
			sourceTree = "<group>";
		};
		BC1BFD4E280E76990024CB73 /* SimpleList */ = {
			isa = PBXGroup;
			children = (
				BC1BFD4F280E76990024CB73 /* SimpleListViewController.swift */,
				BC1BFD50280E76990024CB73 /* SimpleLabelCell.swift */,
			);
			path = SimpleList;
			sourceTree = "<group>";
		};
		BC1BFD51280E76990024CB73 /* ProductGrid */ = {
			isa = PBXGroup;
			children = (
				BC1BFD52280E76990024CB73 /* GridsMockData.swift */,
				BC1BFD53280E76990024CB73 /* ProductGridViewController.swift */,
				BC1BFD54280E76990024CB73 /* GridPickedContainerModel.swift */,
				BC1BFD55280E76990024CB73 /* GridItemCell.swift */,
				BC1BFD56280E76990024CB73 /* GridNewUserContainerModel.swift */,
				BC1BFD57280E76990024CB73 /* GridTitleCell.swift */,
				BC1BFD58280E76990024CB73 /* GridCategoryGroudModel.swift */,
			);
			path = ProductGrid;
			sourceTree = "<group>";
		};
		BC1BFD59280E76990024CB73 /* ShoppingCart */ = {
			isa = PBXGroup;
			children = (
				BC1BFD5A280E76990024CB73 /* ShoppingCartTotalView.swift */,
				BC1BFD5B280E76990024CB73 /* ShoppingCartViewController.swift */,
				BC1BFD5C280E76990024CB73 /* ShoppingCartContainerModel.swift */,
				BC1BFD5D280E76990024CB73 /* ShoppingCartData.swift */,
				BC1BFD5E280E76990024CB73 /* ShoppingCartProductCell.swift */,
				BC1BFD5F280E76990024CB73 /* ShoppingCartTitleCell.swift */,
			);
			path = ShoppingCart;
			sourceTree = "<group>";
		};
		BC1BFD60280E76990024CB73 /* PhotoAlbum */ = {
			isa = PBXGroup;
			children = (
				BC1BFD61280E76990024CB73 /* PhotoAlbumMonthContainerModel.swift */,
				BC1BFD62280E76990024CB73 /* PhotoAlbumContainerModel.swift */,
				BC1BFD63280E76990024CB73 /* PhotoAlbumViewController.swift */,
				BC1BFD64280E76990024CB73 /* PhotoAlbumData.swift */,
				BC1BFD65280E76990024CB73 /* PhotoAlbumShowAllCell.swift */,
			);
			path = PhotoAlbum;
			sourceTree = "<group>";
		};
		BC1BFD66280E76990024CB73 /* Base */ = {
			isa = PBXGroup;
			children = (
				2BCACAED280EAB3300110F51 /* DCRefreshViewController.swift */,
				2BCACAEB280EAB2600110F51 /* DCCollectionController.swift */,
				BC1BFD67280E76990024CB73 /* DemosContainerModel.swift */,
				BC1BFD68280E76990024CB73 /* ViewController.swift */,
				BC1BFD69280E76990024CB73 /* SimpleLabelCellModel.swift */,
				BC1BFD6A280E76990024CB73 /* DemosExtensions.swift */,
				BC1BFD6B280E76990024CB73 /* DemosLabelCell.swift */,
				BC1BFD6D280E76990024CB73 /* AppDelegate.swift */,
				BC1BFD6E280E76990024CB73 /* DemosData.swift */,
			);
			path = Base;
			sourceTree = "<group>";
		};
		BC1BFD99280E86A60024CB73 /* Packages */ = {
			isa = PBXGroup;
			children = (
				BC1BFD9A280E86A60024CB73 /* DCFrame */,
			);
			name = Packages;
			sourceTree = "<group>";
		};
/* End PBXGroup section */

/* Begin PBXNativeTarget section */
		273A1A39275D142400D37EB9 /* DCFrameExample */ = {
			isa = PBXNativeTarget;
			buildConfigurationList = 273A1A4E275D142500D37EB9 /* Build configuration list for PBXNativeTarget "DCFrameExample" */;
			buildPhases = (
				273A1A36275D142400D37EB9 /* Sources */,
				273A1A37275D142400D37EB9 /* Frameworks */,
				273A1A38275D142400D37EB9 /* Resources */,
			);
			buildRules = (
			);
			dependencies = (
			);
			name = DCFrameExample;
			packageProductDependencies = (
				BC1BFD9C280E88DF0024CB73 /* Then */,
				BC1BFD9F280E89310024CB73 /* SnapKit */,
				BC5C9A38280E8A7D0014C2C2 /* DCFrame */,
			);
			productName = DCFrameExample;
			productReference = 273A1A3A275D142400D37EB9 /* DCFrameExample.app */;
			productType = "com.apple.product-type.application";
		};
/* End PBXNativeTarget section */

/* Begin PBXProject section */
		273A1A32275D142400D37EB9 /* Project object */ = {
			isa = PBXProject;
			attributes = {
				BuildIndependentTargetsInParallel = 1;
				LastSwiftUpdateCheck = 1310;
				LastUpgradeCheck = 1310;
				TargetAttributes = {
					273A1A39275D142400D37EB9 = {
						CreatedOnToolsVersion = 13.1;
					};
				};
			};
			buildConfigurationList = 273A1A35275D142400D37EB9 /* Build configuration list for PBXProject "DCFrameExample" */;
			compatibilityVersion = "Xcode 13.0";
			developmentRegion = en;
			hasScannedForEncodings = 0;
			knownRegions = (
				en,
				Base,
			);
			mainGroup = 273A1A31275D142400D37EB9;
			packageReferences = (
				BC1BFD9B280E88DF0024CB73 /* XCRemoteSwiftPackageReference "Then" */,
				BC1BFD9E280E89310024CB73 /* XCRemoteSwiftPackageReference "SnapKit" */,
			);
			productRefGroup = 273A1A3B275D142400D37EB9 /* Products */;
			projectDirPath = "";
			projectRoot = "";
			targets = (
				273A1A39275D142400D37EB9 /* DCFrameExample */,
			);
		};
/* End PBXProject section */

/* Begin PBXResourcesBuildPhase section */
		273A1A38275D142400D37EB9 /* Resources */ = {
			isa = PBXResourcesBuildPhase;
			buildActionMask = 2147483647;
			files = (
				BC5C9A3C280E8BAB0014C2C2 /* LaunchScreen.xib in Resources */,
				27696B8C275D14AE00040681 /* Images.xcassets in Resources */,
			);
			runOnlyForDeploymentPostprocessing = 0;
		};
/* End PBXResourcesBuildPhase section */

/* Begin PBXSourcesBuildPhase section */
		273A1A36275D142400D37EB9 /* Sources */ = {
			isa = PBXSourcesBuildPhase;
			buildActionMask = 2147483647;
			files = (
				BC1BFD8C280E76990024CB73 /* PhotoAlbumContainerModel.swift in Sources */,
				BC1BFD86280E76990024CB73 /* ShoppingCartViewController.swift in Sources */,
				BC1BFD89280E76990024CB73 /* ShoppingCartProductCell.swift in Sources */,
				BC1BFD8A280E76990024CB73 /* ShoppingCartTitleCell.swift in Sources */,
				BC1BFD97280E76990024CB73 /* DemosData.swift in Sources */,
				BC1BFD81280E76990024CB73 /* GridItemCell.swift in Sources */,
				BC1BFD7F280E76990024CB73 /* ProductGridViewController.swift in Sources */,
				BC1BFD83280E76990024CB73 /* GridTitleCell.swift in Sources */,
				2BCACAEE280EAB3300110F51 /* DCRefreshViewController.swift in Sources */,
				BC1BFD85280E76990024CB73 /* ShoppingCartTotalView.swift in Sources */,
				BC1BFD93280E76990024CB73 /* DemosExtensions.swift in Sources */,
				BC1BFD90280E76990024CB73 /* DemosContainerModel.swift in Sources */,
				BC1BFD76280E76990024CB73 /* CategoryProductsContainerModel.swift in Sources */,
				2BCACAEC280EAB2600110F51 /* DCCollectionController.swift in Sources */,
				BC1BFD74280E76990024CB73 /* CategoryTitleCell.swift in Sources */,
				BC1BFD77280E76990024CB73 /* CategoryHeaderCell.swift in Sources */,
				BC1BFD8F280E76990024CB73 /* PhotoAlbumShowAllCell.swift in Sources */,
				2BCACAEA280EA94B00110F51 /* ReorderViewController.swift in Sources */,
				BC1BFD75280E76990024CB73 /* CategoryData.swift in Sources */,
				BC1BFD7B280E76990024CB73 /* ShoppingCartTotalCell.swift in Sources */,
				BC1BFD87280E76990024CB73 /* ShoppingCartContainerModel.swift in Sources */,
				BC1BFD7A280E76990024CB73 /* ShoppingCartViewController2.swift in Sources */,
				BC1BFD7E280E76990024CB73 /* GridsMockData.swift in Sources */,
				BC1BFD94280E76990024CB73 /* DemosLabelCell.swift in Sources */,
				BC1BFD96280E76990024CB73 /* AppDelegate.swift in Sources */,
				BC1BFD79280E76990024CB73 /* ShoppingCartContainerModel2.swift in Sources */,
				BC1BFD88280E76990024CB73 /* ShoppingCartData.swift in Sources */,
				BC1BFD82280E76990024CB73 /* GridNewUserContainerModel.swift in Sources */,
				BC1BFD92280E76990024CB73 /* SimpleLabelCellModel.swift in Sources */,
				BC1BFD73280E76990024CB73 /* CategoryTitlesContainerModel.swift in Sources */,
				BC1BFD8B280E76990024CB73 /* PhotoAlbumMonthContainerModel.swift in Sources */,
				BC1BFD72280E76990024CB73 /* RefreshContainerModel.swift in Sources */,
				BC1BFD8E280E76990024CB73 /* PhotoAlbumData.swift in Sources */,
				BC1BFD71280E76990024CB73 /* RefreshMockDataAPI.swift in Sources */,
				BC1BFD91280E76990024CB73 /* ViewController.swift in Sources */,
				BC1BFD8D280E76990024CB73 /* PhotoAlbumViewController.swift in Sources */,
				BC1BFD7D280E76990024CB73 /* SimpleLabelCell.swift in Sources */,
				BC1BFD80280E76990024CB73 /* GridPickedContainerModel.swift in Sources */,
				BC1BFD7C280E76990024CB73 /* SimpleListViewController.swift in Sources */,
				BC1BFD78280E76990024CB73 /* CategoryViewController.swift in Sources */,
				BC1BFD84280E76990024CB73 /* GridCategoryGroudModel.swift in Sources */,
				BC1BFD70280E76990024CB73 /* RefreshViewController.swift in Sources */,
			);
			runOnlyForDeploymentPostprocessing = 0;
		};
/* End PBXSourcesBuildPhase section */

/* Begin PBXVariantGroup section */
		27696B5C275D14AE00040681 /* LaunchScreen.xib */ = {
			isa = PBXVariantGroup;
			children = (
				27696B5D275D14AE00040681 /* Base */,
			);
			name = LaunchScreen.xib;
			sourceTree = "<group>";
		};
/* End PBXVariantGroup section */

/* Begin XCBuildConfiguration section */
		273A1A4C275D142500D37EB9 /* Debug */ = {
			isa = XCBuildConfiguration;
			buildSettings = {
				ALWAYS_SEARCH_USER_PATHS = NO;
				CLANG_ANALYZER_NONNULL = YES;
				CLANG_ANALYZER_NUMBER_OBJECT_CONVERSION = YES_AGGRESSIVE;
				CLANG_CXX_LANGUAGE_STANDARD = "gnu++17";
				CLANG_CXX_LIBRARY = "libc++";
				CLANG_ENABLE_MODULES = YES;
				CLANG_ENABLE_OBJC_ARC = YES;
				CLANG_ENABLE_OBJC_WEAK = YES;
				CLANG_WARN_BLOCK_CAPTURE_AUTORELEASING = YES;
				CLANG_WARN_BOOL_CONVERSION = YES;
				CLANG_WARN_COMMA = YES;
				CLANG_WARN_CONSTANT_CONVERSION = YES;
				CLANG_WARN_DEPRECATED_OBJC_IMPLEMENTATIONS = YES;
				CLANG_WARN_DIRECT_OBJC_ISA_USAGE = YES_ERROR;
				CLANG_WARN_DOCUMENTATION_COMMENTS = YES;
				CLANG_WARN_EMPTY_BODY = YES;
				CLANG_WARN_ENUM_CONVERSION = YES;
				CLANG_WARN_INFINITE_RECURSION = YES;
				CLANG_WARN_INT_CONVERSION = YES;
				CLANG_WARN_NON_LITERAL_NULL_CONVERSION = YES;
				CLANG_WARN_OBJC_IMPLICIT_RETAIN_SELF = YES;
				CLANG_WARN_OBJC_LITERAL_CONVERSION = YES;
				CLANG_WARN_OBJC_ROOT_CLASS = YES_ERROR;
				CLANG_WARN_QUOTED_INCLUDE_IN_FRAMEWORK_HEADER = YES;
				CLANG_WARN_RANGE_LOOP_ANALYSIS = YES;
				CLANG_WARN_STRICT_PROTOTYPES = YES;
				CLANG_WARN_SUSPICIOUS_MOVE = YES;
				CLANG_WARN_UNGUARDED_AVAILABILITY = YES_AGGRESSIVE;
				CLANG_WARN_UNREACHABLE_CODE = YES;
				CLANG_WARN__DUPLICATE_METHOD_MATCH = YES;
				COPY_PHASE_STRIP = NO;
				DEBUG_INFORMATION_FORMAT = dwarf;
				ENABLE_STRICT_OBJC_MSGSEND = YES;
				ENABLE_TESTABILITY = YES;
				GCC_C_LANGUAGE_STANDARD = gnu11;
				GCC_DYNAMIC_NO_PIC = NO;
				GCC_NO_COMMON_BLOCKS = YES;
				GCC_OPTIMIZATION_LEVEL = 0;
				GCC_PREPROCESSOR_DEFINITIONS = (
					"DEBUG=1",
					"$(inherited)",
				);
				GCC_WARN_64_TO_32_BIT_CONVERSION = YES;
				GCC_WARN_ABOUT_RETURN_TYPE = YES_ERROR;
				GCC_WARN_UNDECLARED_SELECTOR = YES;
				GCC_WARN_UNINITIALIZED_AUTOS = YES_AGGRESSIVE;
				GCC_WARN_UNUSED_FUNCTION = YES;
				GCC_WARN_UNUSED_VARIABLE = YES;
				IPHONEOS_DEPLOYMENT_TARGET = 15.0;
				MTL_ENABLE_DEBUG_INFO = INCLUDE_SOURCE;
				MTL_FAST_MATH = YES;
				ONLY_ACTIVE_ARCH = YES;
				SDKROOT = iphoneos;
				SWIFT_ACTIVE_COMPILATION_CONDITIONS = DEBUG;
				SWIFT_OPTIMIZATION_LEVEL = "-Onone";
			};
			name = Debug;
		};
		273A1A4D275D142500D37EB9 /* Release */ = {
			isa = XCBuildConfiguration;
			buildSettings = {
				ALWAYS_SEARCH_USER_PATHS = NO;
				CLANG_ANALYZER_NONNULL = YES;
				CLANG_ANALYZER_NUMBER_OBJECT_CONVERSION = YES_AGGRESSIVE;
				CLANG_CXX_LANGUAGE_STANDARD = "gnu++17";
				CLANG_CXX_LIBRARY = "libc++";
				CLANG_ENABLE_MODULES = YES;
				CLANG_ENABLE_OBJC_ARC = YES;
				CLANG_ENABLE_OBJC_WEAK = YES;
				CLANG_WARN_BLOCK_CAPTURE_AUTORELEASING = YES;
				CLANG_WARN_BOOL_CONVERSION = YES;
				CLANG_WARN_COMMA = YES;
				CLANG_WARN_CONSTANT_CONVERSION = YES;
				CLANG_WARN_DEPRECATED_OBJC_IMPLEMENTATIONS = YES;
				CLANG_WARN_DIRECT_OBJC_ISA_USAGE = YES_ERROR;
				CLANG_WARN_DOCUMENTATION_COMMENTS = YES;
				CLANG_WARN_EMPTY_BODY = YES;
				CLANG_WARN_ENUM_CONVERSION = YES;
				CLANG_WARN_INFINITE_RECURSION = YES;
				CLANG_WARN_INT_CONVERSION = YES;
				CLANG_WARN_NON_LITERAL_NULL_CONVERSION = YES;
				CLANG_WARN_OBJC_IMPLICIT_RETAIN_SELF = YES;
				CLANG_WARN_OBJC_LITERAL_CONVERSION = YES;
				CLANG_WARN_OBJC_ROOT_CLASS = YES_ERROR;
				CLANG_WARN_QUOTED_INCLUDE_IN_FRAMEWORK_HEADER = YES;
				CLANG_WARN_RANGE_LOOP_ANALYSIS = YES;
				CLANG_WARN_STRICT_PROTOTYPES = YES;
				CLANG_WARN_SUSPICIOUS_MOVE = YES;
				CLANG_WARN_UNGUARDED_AVAILABILITY = YES_AGGRESSIVE;
				CLANG_WARN_UNREACHABLE_CODE = YES;
				CLANG_WARN__DUPLICATE_METHOD_MATCH = YES;
				COPY_PHASE_STRIP = NO;
				DEBUG_INFORMATION_FORMAT = "dwarf-with-dsym";
				ENABLE_NS_ASSERTIONS = NO;
				ENABLE_STRICT_OBJC_MSGSEND = YES;
				GCC_C_LANGUAGE_STANDARD = gnu11;
				GCC_NO_COMMON_BLOCKS = YES;
				GCC_WARN_64_TO_32_BIT_CONVERSION = YES;
				GCC_WARN_ABOUT_RETURN_TYPE = YES_ERROR;
				GCC_WARN_UNDECLARED_SELECTOR = YES;
				GCC_WARN_UNINITIALIZED_AUTOS = YES_AGGRESSIVE;
				GCC_WARN_UNUSED_FUNCTION = YES;
				GCC_WARN_UNUSED_VARIABLE = YES;
				IPHONEOS_DEPLOYMENT_TARGET = 15.0;
				MTL_ENABLE_DEBUG_INFO = NO;
				MTL_FAST_MATH = YES;
				SDKROOT = iphoneos;
				SWIFT_COMPILATION_MODE = wholemodule;
				SWIFT_OPTIMIZATION_LEVEL = "-O";
				VALIDATE_PRODUCT = YES;
			};
			name = Release;
		};
		273A1A4F275D142500D37EB9 /* Debug */ = {
			isa = XCBuildConfiguration;
			buildSettings = {
				ASSETCATALOG_COMPILER_APPICON_NAME = AppIcon;
				ASSETCATALOG_COMPILER_GLOBAL_ACCENT_COLOR_NAME = AccentColor;
				CODE_SIGN_STYLE = Automatic;
				CURRENT_PROJECT_VERSION = 1;
				DEVELOPMENT_TEAM = VB7MJ8R223;
				GENERATE_INFOPLIST_FILE = YES;
				INFOPLIST_FILE = DCFrameExample/Info.plist;
				INFOPLIST_KEY_NSMainNibFile = "";
				INFOPLIST_KEY_UIApplicationSupportsIndirectInputEvents = YES;
				INFOPLIST_KEY_UILaunchStoryboardName = LaunchScreen;
				INFOPLIST_KEY_UIRequiredDeviceCapabilities = armv7;
				INFOPLIST_KEY_UISupportedInterfaceOrientations = "UIInterfaceOrientationPortrait UIInterfaceOrientationLandscapeLeft";
				INFOPLIST_KEY_UISupportedInterfaceOrientations_iPad = "UIInterfaceOrientationPortrait UIInterfaceOrientationPortraitUpsideDown UIInterfaceOrientationLandscapeLeft UIInterfaceOrientationLandscapeRight";
				INFOPLIST_KEY_UISupportedInterfaceOrientations_iPhone = "UIInterfaceOrientationPortrait UIInterfaceOrientationLandscapeLeft UIInterfaceOrientationLandscapeRight";
				IPHONEOS_DEPLOYMENT_TARGET = 11.0;
				LD_RUNPATH_SEARCH_PATHS = (
					"$(inherited)",
					"@executable_path/Frameworks",
				);
				MARKETING_VERSION = 1.0;
				PRODUCT_BUNDLE_IDENTIFIER = com.bytedance.DCFrameExample;
				PRODUCT_NAME = "$(TARGET_NAME)";
				SWIFT_EMIT_LOC_STRINGS = YES;
				SWIFT_VERSION = 5.0;
				TARGETED_DEVICE_FAMILY = "1,2";
			};
			name = Debug;
		};
		273A1A50275D142500D37EB9 /* Release */ = {
			isa = XCBuildConfiguration;
			buildSettings = {
				ASSETCATALOG_COMPILER_APPICON_NAME = AppIcon;
				ASSETCATALOG_COMPILER_GLOBAL_ACCENT_COLOR_NAME = AccentColor;
				CODE_SIGN_STYLE = Automatic;
				CURRENT_PROJECT_VERSION = 1;
				DEVELOPMENT_TEAM = VB7MJ8R223;
				GENERATE_INFOPLIST_FILE = YES;
				INFOPLIST_FILE = DCFrameExample/Info.plist;
				INFOPLIST_KEY_NSMainNibFile = "";
				INFOPLIST_KEY_UIApplicationSupportsIndirectInputEvents = YES;
				INFOPLIST_KEY_UILaunchStoryboardName = LaunchScreen;
				INFOPLIST_KEY_UIRequiredDeviceCapabilities = armv7;
				INFOPLIST_KEY_UISupportedInterfaceOrientations = "UIInterfaceOrientationPortrait UIInterfaceOrientationLandscapeLeft";
				INFOPLIST_KEY_UISupportedInterfaceOrientations_iPad = "UIInterfaceOrientationPortrait UIInterfaceOrientationPortraitUpsideDown UIInterfaceOrientationLandscapeLeft UIInterfaceOrientationLandscapeRight";
				INFOPLIST_KEY_UISupportedInterfaceOrientations_iPhone = "UIInterfaceOrientationPortrait UIInterfaceOrientationLandscapeLeft UIInterfaceOrientationLandscapeRight";
				IPHONEOS_DEPLOYMENT_TARGET = 11.0;
				LD_RUNPATH_SEARCH_PATHS = (
					"$(inherited)",
					"@executable_path/Frameworks",
				);
				MARKETING_VERSION = 1.0;
				PRODUCT_BUNDLE_IDENTIFIER = com.bytedance.DCFrameExample;
				PRODUCT_NAME = "$(TARGET_NAME)";
				SWIFT_EMIT_LOC_STRINGS = YES;
				SWIFT_VERSION = 5.0;
				TARGETED_DEVICE_FAMILY = "1,2";
			};
			name = Release;
		};
/* End XCBuildConfiguration section */

/* Begin XCConfigurationList section */
		273A1A35275D142400D37EB9 /* Build configuration list for PBXProject "DCFrameExample" */ = {
			isa = XCConfigurationList;
			buildConfigurations = (
				273A1A4C275D142500D37EB9 /* Debug */,
				273A1A4D275D142500D37EB9 /* Release */,
			);
			defaultConfigurationIsVisible = 0;
			defaultConfigurationName = Release;
		};
		273A1A4E275D142500D37EB9 /* Build configuration list for PBXNativeTarget "DCFrameExample" */ = {
			isa = XCConfigurationList;
			buildConfigurations = (
				273A1A4F275D142500D37EB9 /* Debug */,
				273A1A50275D142500D37EB9 /* Release */,
			);
			defaultConfigurationIsVisible = 0;
			defaultConfigurationName = Release;
		};
/* End XCConfigurationList section */

/* Begin XCRemoteSwiftPackageReference section */
		BC1BFD9B280E88DF0024CB73 /* XCRemoteSwiftPackageReference "Then" */ = {
			isa = XCRemoteSwiftPackageReference;
			repositoryURL = "https://github.com/devxoul/Then";
			requirement = {
				kind = upToNextMajorVersion;
				minimumVersion = 2.0.0;
			};
		};
		BC1BFD9E280E89310024CB73 /* XCRemoteSwiftPackageReference "SnapKit" */ = {
			isa = XCRemoteSwiftPackageReference;
			repositoryURL = "https://github.com/SnapKit/SnapKit.git";
			requirement = {
				kind = upToNextMajorVersion;
				minimumVersion = 5.0.0;
			};
		};
/* End XCRemoteSwiftPackageReference section */

/* Begin XCSwiftPackageProductDependency section */
		BC1BFD9C280E88DF0024CB73 /* Then */ = {
			isa = XCSwiftPackageProductDependency;
			package = BC1BFD9B280E88DF0024CB73 /* XCRemoteSwiftPackageReference "Then" */;
			productName = Then;
		};
		BC1BFD9F280E89310024CB73 /* SnapKit */ = {
			isa = XCSwiftPackageProductDependency;
			package = BC1BFD9E280E89310024CB73 /* XCRemoteSwiftPackageReference "SnapKit" */;
			productName = SnapKit;
		};
		BC5C9A38280E8A7D0014C2C2 /* DCFrame */ = {
			isa = XCSwiftPackageProductDependency;
			productName = DCFrame;
		};
/* End XCSwiftPackageProductDependency section */
	};
	rootObject = 273A1A32275D142400D37EB9 /* Project object */;
}
