// !$*UTF8*$!
{
	archiveVersion = 1;
	classes = {
	};
	objectVersion = 55;
	objects = {

/* Begin PBXBuildFile section */
		27696B8C275D14AE00040681 /* Images.xcassets in Resources */ = {isa = PBXBuildFile; fileRef = 27696B57275D14AE00040681 /* Images.xcassets */; };
		BC1B711E2DCC899D00F6A354 /* ShoppingCartContainerModel.swift in Sources */ = {isa = PBXBuildFile; fileRef = BC1B71102DCC899D00F6A354 /* ShoppingCartContainerModel.swift */; };
		BC1B711F2DCC899D00F6A354 /* DemosContainerModel.swift in Sources */ = {isa = PBXBuildFile; fileRef = BC1B70EA2DCC899D00F6A354 /* DemosContainerModel.swift */; };
		BC1B71202DCC899D00F6A354 /* GridItemCell.swift in Sources */ = {isa = PBXBuildFile; fileRef = BC1B71022DCC899D00F6A354 /* GridItemCell.swift */; };
		BC1B71212DCC899D00F6A354 /* AppDelegate.swift in Sources */ = {isa = PBXBuildFile; fileRef = BC1B70E92DCC899D00F6A354 /* AppDelegate.swift */; };
		BC1B71222DCC899D00F6A354 /* ProductGridContainerModel.swift in Sources */ = {isa = PBXBuildFile; fileRef = BC1B71072DCC899D00F6A354 /* ProductGridContainerModel.swift */; };
		BC1B71232DCC899D00F6A354 /* DemosData.swift in Sources */ = {isa = PBXBuildFile; fileRef = BC1B70EB2DCC899D00F6A354 /* DemosData.swift */; };
		BC1B71242DCC899D00F6A354 /* ShoppingCartData.swift in Sources */ = {isa = PBXBuildFile; fileRef = BC1B71112DCC899D00F6A354 /* ShoppingCartData.swift */; };
		BC1B71252DCC899D00F6A354 /* RefreshMockDataAPI.swift in Sources */ = {isa = PBXBuildFile; fileRef = BC1B710B2DCC899D00F6A354 /* RefreshMockDataAPI.swift */; };
		BC1B71262DCC899D00F6A354 /* ViewController.swift in Sources */ = {isa = PBXBuildFile; fileRef = BC1B70F22DCC899D00F6A354 /* ViewController.swift */; };
		BC1B71272DCC899D00F6A354 /* DemosViewController.swift in Sources */ = {isa = PBXBuildFile; fileRef = BC1B70F02DCC899D00F6A354 /* DemosViewController.swift */; };
		BC1B71282DCC899D00F6A354 /* CategoryProductsContainerModel.swift in Sources */ = {isa = PBXBuildFile; fileRef = BC1B70F62DCC899D00F6A354 /* CategoryProductsContainerModel.swift */; };
		BC1B71292DCC899D00F6A354 /* CategoryHeaderCell.swift in Sources */ = {isa = PBXBuildFile; fileRef = BC1B70F52DCC899D00F6A354 /* CategoryHeaderCell.swift */; };
		BC1B712A2DCC899D00F6A354 /* ShoppingCartContainerModel2.swift in Sources */ = {isa = PBXBuildFile; fileRef = BC1B71172DCC899D00F6A354 /* ShoppingCartContainerModel2.swift */; };
		BC1B712B2DCC899D00F6A354 /* ShoppingCartTotalCell.swift in Sources */ = {isa = PBXBuildFile; fileRef = BC1B71182DCC899D00F6A354 /* ShoppingCartTotalCell.swift */; };
		BC1B712C2DCC899D00F6A354 /* PhotoAlbumData.swift in Sources */ = {isa = PBXBuildFile; fileRef = BC1B70FC2DCC899D00F6A354 /* PhotoAlbumData.swift */; };
		BC1B712D2DCC899D00F6A354 /* PhotoAlbumViewController.swift in Sources */ = {isa = PBXBuildFile; fileRef = BC1B70FF2DCC899D00F6A354 /* PhotoAlbumViewController.swift */; };
		BC1B712E2DCC899D00F6A354 /* SimpleLabelCell.swift in Sources */ = {isa = PBXBuildFile; fileRef = BC1B711B2DCC899D00F6A354 /* SimpleLabelCell.swift */; };
		BC1B712F2DCC899D00F6A354 /* RefreshViewController.swift in Sources */ = {isa = PBXBuildFile; fileRef = BC1B710C2DCC899D00F6A354 /* RefreshViewController.swift */; };
		BC1B71302DCC899D00F6A354 /* CategoryViewController.swift in Sources */ = {isa = PBXBuildFile; fileRef = BC1B70F92DCC899D00F6A354 /* CategoryViewController.swift */; };
		BC1B71312DCC899D00F6A354 /* ShoppingCartViewController.swift in Sources */ = {isa = PBXBuildFile; fileRef = BC1B71152DCC899D00F6A354 /* ShoppingCartViewController.swift */; };
		BC1B71322DCC899D00F6A354 /* GridsMockData.swift in Sources */ = {isa = PBXBuildFile; fileRef = BC1B71052DCC899D00F6A354 /* GridsMockData.swift */; };
		BC1B71332DCC899D00F6A354 /* GridCategoryGroudModel.swift in Sources */ = {isa = PBXBuildFile; fileRef = BC1B71012DCC899D00F6A354 /* GridCategoryGroudModel.swift */; };
		BC1B71342DCC899D00F6A354 /* GridPickedContainerModel.swift in Sources */ = {isa = PBXBuildFile; fileRef = BC1B71042DCC899D00F6A354 /* GridPickedContainerModel.swift */; };
		BC1B71352DCC899D00F6A354 /* DemosExtensions.swift in Sources */ = {isa = PBXBuildFile; fileRef = BC1B70EC2DCC899D00F6A354 /* DemosExtensions.swift */; };
		BC1B71362DCC899D00F6A354 /* ProductGridViewController.swift in Sources */ = {isa = PBXBuildFile; fileRef = BC1B71082DCC899D00F6A354 /* ProductGridViewController.swift */; };
		BC1B71372DCC899D00F6A354 /* DemosLabelCell.swift in Sources */ = {isa = PBXBuildFile; fileRef = BC1B70EE2DCC899D00F6A354 /* DemosLabelCell.swift */; };
		BC1B71382DCC899D00F6A354 /* ReorderViewController.swift in Sources */ = {isa = PBXBuildFile; fileRef = BC1B710E2DCC899D00F6A354 /* ReorderViewController.swift */; };
		BC1B71392DCC899D00F6A354 /* PhotoAlbumContainerModel.swift in Sources */ = {isa = PBXBuildFile; fileRef = BC1B70FB2DCC899D00F6A354 /* PhotoAlbumContainerModel.swift */; };
		BC1B713A2DCC899D00F6A354 /* ShoppingCartViewController2.swift in Sources */ = {isa = PBXBuildFile; fileRef = BC1B71192DCC899D00F6A354 /* ShoppingCartViewController2.swift */; };
		BC1B713B2DCC899D00F6A354 /* PhotoAlbumMonthContainerModel.swift in Sources */ = {isa = PBXBuildFile; fileRef = BC1B70FD2DCC899D00F6A354 /* PhotoAlbumMonthContainerModel.swift */; };
		BC1B713C2DCC899D00F6A354 /* CategoryData.swift in Sources */ = {isa = PBXBuildFile; fileRef = BC1B70F42DCC899D00F6A354 /* CategoryData.swift */; };
		BC1B713D2DCC899D00F6A354 /* GridTitleCell.swift in Sources */ = {isa = PBXBuildFile; fileRef = BC1B71062DCC899D00F6A354 /* GridTitleCell.swift */; };
		BC1B713E2DCC899D00F6A354 /* DemoUtils.swift in Sources */ = {isa = PBXBuildFile; fileRef = BC1B70F12DCC899D00F6A354 /* DemoUtils.swift */; };
		BC1B713F2DCC899D00F6A354 /* PhotoAlbumShowAllCell.swift in Sources */ = {isa = PBXBuildFile; fileRef = BC1B70FE2DCC899D00F6A354 /* PhotoAlbumShowAllCell.swift */; };
		BC1B71402DCC899D00F6A354 /* DemosHandleProtocol.swift in Sources */ = {isa = PBXBuildFile; fileRef = BC1B70ED2DCC899D00F6A354 /* DemosHandleProtocol.swift */; };
		BC1B71412DCC899D00F6A354 /* DemosRefreshViewController.swift in Sources */ = {isa = PBXBuildFile; fileRef = BC1B70EF2DCC899D00F6A354 /* DemosRefreshViewController.swift */; };
		BC1B71422DCC899D00F6A354 /* ShoppingCartTitleCell.swift in Sources */ = {isa = PBXBuildFile; fileRef = BC1B71132DCC899D00F6A354 /* ShoppingCartTitleCell.swift */; };
		BC1B71432DCC899D00F6A354 /* ShoppingCartProductCell.swift in Sources */ = {isa = PBXBuildFile; fileRef = BC1B71122DCC899D00F6A354 /* ShoppingCartProductCell.swift */; };
		BC1B71442DCC899D00F6A354 /* CategoryTitleCell.swift in Sources */ = {isa = PBXBuildFile; fileRef = BC1B70F72DCC899D00F6A354 /* CategoryTitleCell.swift */; };
		BC1B71452DCC899D00F6A354 /* SimpleListViewController.swift in Sources */ = {isa = PBXBuildFile; fileRef = BC1B711C2DCC899D00F6A354 /* SimpleListViewController.swift */; };
		BC1B71462DCC899D00F6A354 /* CategoryTitlesContainerModel.swift in Sources */ = {isa = PBXBuildFile; fileRef = BC1B70F82DCC899D00F6A354 /* CategoryTitlesContainerModel.swift */; };
		BC1B71472DCC899D00F6A354 /* RefreshContainerModel.swift in Sources */ = {isa = PBXBuildFile; fileRef = BC1B710A2DCC899D00F6A354 /* RefreshContainerModel.swift */; };
		BC1B71482DCC899D00F6A354 /* ShoppingCartTotalView.swift in Sources */ = {isa = PBXBuildFile; fileRef = BC1B71142DCC899D00F6A354 /* ShoppingCartTotalView.swift */; };
		BC1B71492DCC899D00F6A354 /* GridNewUserContainerModel.swift in Sources */ = {isa = PBXBuildFile; fileRef = BC1B71032DCC899D00F6A354 /* GridNewUserContainerModel.swift */; };
		BC1BFD9D280E88DF0024CB73 /* Then in Frameworks */ = {isa = PBXBuildFile; productRef = BC1BFD9C280E88DF0024CB73 /* Then */; };
		BC1BFDA0280E89310024CB73 /* SnapKit in Frameworks */ = {isa = PBXBuildFile; productRef = BC1BFD9F280E89310024CB73 /* SnapKit */; };
		BC5C9A39280E8A7D0014C2C2 /* DCFrame in Frameworks */ = {isa = PBXBuildFile; productRef = BC5C9A38280E8A7D0014C2C2 /* DCFrame */; };
		BC5C9A3C280E8BAB0014C2C2 /* LaunchScreen.xib in Resources */ = {isa = PBXBuildFile; fileRef = 27696B5C275D14AE00040681 /* LaunchScreen.xib */; };
/* End PBXBuildFile section */

/* Begin PBXFileReference section */
		273A1A3A275D142400D37EB9 /* DCFrameExample.app */ = {isa = PBXFileReference; explicitFileType = wrapper.application; includeInIndex = 0; path = DCFrameExample.app; sourceTree = BUILT_PRODUCTS_DIR; };
		27696B4B275D14AE00040681 /* Info.plist */ = {isa = PBXFileReference; fileEncoding = 4; lastKnownFileType = text.plist.xml; path = Info.plist; sourceTree = "<group>"; };
		27696B57275D14AE00040681 /* Images.xcassets */ = {isa = PBXFileReference; lastKnownFileType = folder.assetcatalog; path = Images.xcassets; sourceTree = "<group>"; };
		27696B5D275D14AE00040681 /* Base */ = {isa = PBXFileReference; lastKnownFileType = file.xib; name = Base; path = LaunchScreen.xib; sourceTree = "<group>"; };
		BC1B70E92DCC899D00F6A354 /* AppDelegate.swift */ = {isa = PBXFileReference; lastKnownFileType = sourcecode.swift; path = AppDelegate.swift; sourceTree = "<group>"; };
		BC1B70EA2DCC899D00F6A354 /* DemosContainerModel.swift */ = {isa = PBXFileReference; lastKnownFileType = sourcecode.swift; path = DemosContainerModel.swift; sourceTree = "<group>"; };
		BC1B70EB2DCC899D00F6A354 /* DemosData.swift */ = {isa = PBXFileReference; lastKnownFileType = sourcecode.swift; path = DemosData.swift; sourceTree = "<group>"; };
		BC1B70EC2DCC899D00F6A354 /* DemosExtensions.swift */ = {isa = PBXFileReference; lastKnownFileType = sourcecode.swift; path = DemosExtensions.swift; sourceTree = "<group>"; };
		BC1B70ED2DCC899D00F6A354 /* DemosHandleProtocol.swift */ = {isa = PBXFileReference; lastKnownFileType = sourcecode.swift; path = DemosHandleProtocol.swift; sourceTree = "<group>"; };
		BC1B70EE2DCC899D00F6A354 /* DemosLabelCell.swift */ = {isa = PBXFileReference; lastKnownFileType = sourcecode.swift; path = DemosLabelCell.swift; sourceTree = "<group>"; };
		BC1B70EF2DCC899D00F6A354 /* DemosRefreshViewController.swift */ = {isa = PBXFileReference; lastKnownFileType = sourcecode.swift; path = DemosRefreshViewController.swift; sourceTree = "<group>"; };
		BC1B70F02DCC899D00F6A354 /* DemosViewController.swift */ = {isa = PBXFileReference; lastKnownFileType = sourcecode.swift; path = DemosViewController.swift; sourceTree = "<group>"; };
		BC1B70F12DCC899D00F6A354 /* DemoUtils.swift */ = {isa = PBXFileReference; lastKnownFileType = sourcecode.swift; path = DemoUtils.swift; sourceTree = "<group>"; };
		BC1B70F22DCC899D00F6A354 /* ViewController.swift */ = {isa = PBXFileReference; lastKnownFileType = sourcecode.swift; path = ViewController.swift; sourceTree = "<group>"; };
		BC1B70F42DCC899D00F6A354 /* CategoryData.swift */ = {isa = PBXFileReference; lastKnownFileType = sourcecode.swift; path = CategoryData.swift; sourceTree = "<group>"; };
		BC1B70F52DCC899D00F6A354 /* CategoryHeaderCell.swift */ = {isa = PBXFileReference; lastKnownFileType = sourcecode.swift; path = CategoryHeaderCell.swift; sourceTree = "<group>"; };
		BC1B70F62DCC899D00F6A354 /* CategoryProductsContainerModel.swift */ = {isa = PBXFileReference; lastKnownFileType = sourcecode.swift; path = CategoryProductsContainerModel.swift; sourceTree = "<group>"; };
		BC1B70F72DCC899D00F6A354 /* CategoryTitleCell.swift */ = {isa = PBXFileReference; lastKnownFileType = sourcecode.swift; path = CategoryTitleCell.swift; sourceTree = "<group>"; };
		BC1B70F82DCC899D00F6A354 /* CategoryTitlesContainerModel.swift */ = {isa = PBXFileReference; lastKnownFileType = sourcecode.swift; path = CategoryTitlesContainerModel.swift; sourceTree = "<group>"; };
		BC1B70F92DCC899D00F6A354 /* CategoryViewController.swift */ = {isa = PBXFileReference; lastKnownFileType = sourcecode.swift; path = CategoryViewController.swift; sourceTree = "<group>"; };
		BC1B70FB2DCC899D00F6A354 /* PhotoAlbumContainerModel.swift */ = {isa = PBXFileReference; lastKnownFileType = sourcecode.swift; path = PhotoAlbumContainerModel.swift; sourceTree = "<group>"; };
		BC1B70FC2DCC899D00F6A354 /* PhotoAlbumData.swift */ = {isa = PBXFileReference; lastKnownFileType = sourcecode.swift; path = PhotoAlbumData.swift; sourceTree = "<group>"; };
		BC1B70FD2DCC899D00F6A354 /* PhotoAlbumMonthContainerModel.swift */ = {isa = PBXFileReference; lastKnownFileType = sourcecode.swift; path = PhotoAlbumMonthContainerModel.swift; sourceTree = "<group>"; };
		BC1B70FE2DCC899D00F6A354 /* PhotoAlbumShowAllCell.swift */ = {isa = PBXFileReference; lastKnownFileType = sourcecode.swift; path = PhotoAlbumShowAllCell.swift; sourceTree = "<group>"; };
		BC1B70FF2DCC899D00F6A354 /* PhotoAlbumViewController.swift */ = {isa = PBXFileReference; lastKnownFileType = sourcecode.swift; path = PhotoAlbumViewController.swift; sourceTree = "<group>"; };
		BC1B71012DCC899D00F6A354 /* GridCategoryGroudModel.swift */ = {isa = PBXFileReference; lastKnownFileType = sourcecode.swift; path = GridCategoryGroudModel.swift; sourceTree = "<group>"; };
		BC1B71022DCC899D00F6A354 /* GridItemCell.swift */ = {isa = PBXFileReference; lastKnownFileType = sourcecode.swift; path = GridItemCell.swift; sourceTree = "<group>"; };
		BC1B71032DCC899D00F6A354 /* GridNewUserContainerModel.swift */ = {isa = PBXFileReference; lastKnownFileType = sourcecode.swift; path = GridNewUserContainerModel.swift; sourceTree = "<group>"; };
		BC1B71042DCC899D00F6A354 /* GridPickedContainerModel.swift */ = {isa = PBXFileReference; lastKnownFileType = sourcecode.swift; path = GridPickedContainerModel.swift; sourceTree = "<group>"; };
		BC1B71052DCC899D00F6A354 /* GridsMockData.swift */ = {isa = PBXFileReference; lastKnownFileType = sourcecode.swift; path = GridsMockData.swift; sourceTree = "<group>"; };
		BC1B71062DCC899D00F6A354 /* GridTitleCell.swift */ = {isa = PBXFileReference; lastKnownFileType = sourcecode.swift; path = GridTitleCell.swift; sourceTree = "<group>"; };
		BC1B71072DCC899D00F6A354 /* ProductGridContainerModel.swift */ = {isa = PBXFileReference; lastKnownFileType = sourcecode.swift; path = ProductGridContainerModel.swift; sourceTree = "<group>"; };
		BC1B71082DCC899D00F6A354 /* ProductGridViewController.swift */ = {isa = PBXFileReference; lastKnownFileType = sourcecode.swift; path = ProductGridViewController.swift; sourceTree = "<group>"; };
		BC1B710A2DCC899D00F6A354 /* RefreshContainerModel.swift */ = {isa = PBXFileReference; lastKnownFileType = sourcecode.swift; path = RefreshContainerModel.swift; sourceTree = "<group>"; };
		BC1B710B2DCC899D00F6A354 /* RefreshMockDataAPI.swift */ = {isa = PBXFileReference; lastKnownFileType = sourcecode.swift; path = RefreshMockDataAPI.swift; sourceTree = "<group>"; };
		BC1B710C2DCC899D00F6A354 /* RefreshViewController.swift */ = {isa = PBXFileReference; lastKnownFileType = sourcecode.swift; path = RefreshViewController.swift; sourceTree = "<group>"; };
		BC1B710E2DCC899D00F6A354 /* ReorderViewController.swift */ = {isa = PBXFileReference; lastKnownFileType = sourcecode.swift; path = ReorderViewController.swift; sourceTree = "<group>"; };
		BC1B71102DCC899D00F6A354 /* ShoppingCartContainerModel.swift */ = {isa = PBXFileReference; lastKnownFileType = sourcecode.swift; path = ShoppingCartContainerModel.swift; sourceTree = "<group>"; };
		BC1B71112DCC899D00F6A354 /* ShoppingCartData.swift */ = {isa = PBXFileReference; lastKnownFileType = sourcecode.swift; path = ShoppingCartData.swift; sourceTree = "<group>"; };
		BC1B71122DCC899D00F6A354 /* ShoppingCartProductCell.swift */ = {isa = PBXFileReference; lastKnownFileType = sourcecode.swift; path = ShoppingCartProductCell.swift; sourceTree = "<group>"; };
		BC1B71132DCC899D00F6A354 /* ShoppingCartTitleCell.swift */ = {isa = PBXFileReference; lastKnownFileType = sourcecode.swift; path = ShoppingCartTitleCell.swift; sourceTree = "<group>"; };
		BC1B71142DCC899D00F6A354 /* ShoppingCartTotalView.swift */ = {isa = PBXFileReference; lastKnownFileType = sourcecode.swift; path = ShoppingCartTotalView.swift; sourceTree = "<group>"; };
		BC1B71152DCC899D00F6A354 /* ShoppingCartViewController.swift */ = {isa = PBXFileReference; lastKnownFileType = sourcecode.swift; path = ShoppingCartViewController.swift; sourceTree = "<group>"; };
		BC1B71172DCC899D00F6A354 /* ShoppingCartContainerModel2.swift */ = {isa = PBXFileReference; lastKnownFileType = sourcecode.swift; path = ShoppingCartContainerModel2.swift; sourceTree = "<group>"; };
		BC1B71182DCC899D00F6A354 /* ShoppingCartTotalCell.swift */ = {isa = PBXFileReference; lastKnownFileType = sourcecode.swift; path = ShoppingCartTotalCell.swift; sourceTree = "<group>"; };
		BC1B71192DCC899D00F6A354 /* ShoppingCartViewController2.swift */ = {isa = PBXFileReference; lastKnownFileType = sourcecode.swift; path = ShoppingCartViewController2.swift; sourceTree = "<group>"; };
		BC1B711B2DCC899D00F6A354 /* SimpleLabelCell.swift */ = {isa = PBXFileReference; lastKnownFileType = sourcecode.swift; path = SimpleLabelCell.swift; sourceTree = "<group>"; };
		BC1B711C2DCC899D00F6A354 /* SimpleListViewController.swift */ = {isa = PBXFileReference; lastKnownFileType = sourcecode.swift; path = SimpleListViewController.swift; sourceTree = "<group>"; };
		BC1BFD9A280E86A60024CB73 /* DCFrame */ = {isa = PBXFileReference; lastKnownFileType = wrapper; name = DCFrame; path = ..; sourceTree = "<group>"; };
/* End PBXFileReference section */

/* Begin PBXFrameworksBuildPhase section */
		273A1A37275D142400D37EB9 /* Frameworks */ = {
			isa = PBXFrameworksBuildPhase;
			buildActionMask = 2147483647;
			files = (
				BC5C9A39280E8A7D0014C2C2 /* DCFrame in Frameworks */,
				BC1BFD9D280E88DF0024CB73 /* Then in Frameworks */,
				BC1BFDA0280E89310024CB73 /* SnapKit in Frameworks */,
			);
			runOnlyForDeploymentPostprocessing = 0;
		};
/* End PBXFrameworksBuildPhase section */

/* Begin PBXGroup section */
		273A1A31275D142400D37EB9 = {
			isa = PBXGroup;
			children = (
				BC1BFD99280E86A60024CB73 /* Packages */,
				273A1A3C275D142400D37EB9 /* DCFrameExample */,
				273A1A3B275D142400D37EB9 /* Products */,
				27696BA2275D14DC00040681 /* Frameworks */,
			);
			sourceTree = "<group>";
		};
		273A1A3B275D142400D37EB9 /* Products */ = {
			isa = PBXGroup;
			children = (
				273A1A3A275D142400D37EB9 /* DCFrameExample.app */,
			);
			name = Products;
			sourceTree = "<group>";
		};
		273A1A3C275D142400D37EB9 /* DCFrameExample */ = {
			isa = PBXGroup;
			children = (
				27696B5B275D14AE00040681 /* Base.lproj */,
				BC1BFD3E280E76990024CB73 /* Example */,
				27696B57275D14AE00040681 /* Images.xcassets */,
				27696B4B275D14AE00040681 /* Info.plist */,
			);
			path = DCFrameExample;
			sourceTree = "<group>";
		};
		27696B5B275D14AE00040681 /* Base.lproj */ = {
			isa = PBXGroup;
			children = (
				27696B5C275D14AE00040681 /* LaunchScreen.xib */,
			);
			path = Base.lproj;
			sourceTree = "<group>";
		};
		27696BA2275D14DC00040681 /* Frameworks */ = {
			isa = PBXGroup;
			children = (
			);
			name = Frameworks;
			sourceTree = "<group>";
		};
		BC1B70F32DCC899D00F6A354 /* Base */ = {
			isa = PBXGroup;
			children = (
				BC1B70E92DCC899D00F6A354 /* AppDelegate.swift */,
				BC1B70EA2DCC899D00F6A354 /* DemosContainerModel.swift */,
				BC1B70EB2DCC899D00F6A354 /* DemosData.swift */,
				BC1B70EC2DCC899D00F6A354 /* DemosExtensions.swift */,
				BC1B70ED2DCC899D00F6A354 /* DemosHandleProtocol.swift */,
				BC1B70EE2DCC899D00F6A354 /* DemosLabelCell.swift */,
				BC1B70EF2DCC899D00F6A354 /* DemosRefreshViewController.swift */,
				BC1B70F02DCC899D00F6A354 /* DemosViewController.swift */,
				BC1B70F12DCC899D00F6A354 /* DemoUtils.swift */,
				BC1B70F22DCC899D00F6A354 /* ViewController.swift */,
			);
			path = Base;
			sourceTree = "<group>";
		};
		BC1B70FA2DCC899D00F6A354 /* Category */ = {
			isa = PBXGroup;
			children = (
				BC1B70F42DCC899D00F6A354 /* CategoryData.swift */,
				BC1B70F52DCC899D00F6A354 /* CategoryHeaderCell.swift */,
				BC1B70F62DCC899D00F6A354 /* CategoryProductsContainerModel.swift */,
				BC1B70F72DCC899D00F6A354 /* CategoryTitleCell.swift */,
				BC1B70F82DCC899D00F6A354 /* CategoryTitlesContainerModel.swift */,
				BC1B70F92DCC899D00F6A354 /* CategoryViewController.swift */,
			);
			path = Category;
			sourceTree = "<group>";
		};
		BC1B71002DCC899D00F6A354 /* PhotoAlbum */ = {
			isa = PBXGroup;
			children = (
				BC1B70FB2DCC899D00F6A354 /* PhotoAlbumContainerModel.swift */,
				BC1B70FC2DCC899D00F6A354 /* PhotoAlbumData.swift */,
				BC1B70FD2DCC899D00F6A354 /* PhotoAlbumMonthContainerModel.swift */,
				BC1B70FE2DCC899D00F6A354 /* PhotoAlbumShowAllCell.swift */,
				BC1B70FF2DCC899D00F6A354 /* PhotoAlbumViewController.swift */,
			);
			path = PhotoAlbum;
			sourceTree = "<group>";
		};
		BC1B71092DCC899D00F6A354 /* ProductGrid */ = {
			isa = PBXGroup;
			children = (
				BC1B71012DCC899D00F6A354 /* GridCategoryGroudModel.swift */,
				BC1B71022DCC899D00F6A354 /* GridItemCell.swift */,
				BC1B71032DCC899D00F6A354 /* GridNewUserContainerModel.swift */,
				BC1B71042DCC899D00F6A354 /* GridPickedContainerModel.swift */,
				BC1B71052DCC899D00F6A354 /* GridsMockData.swift */,
				BC1B71062DCC899D00F6A354 /* GridTitleCell.swift */,
				BC1B71072DCC899D00F6A354 /* ProductGridContainerModel.swift */,
				BC1B71082DCC899D00F6A354 /* ProductGridViewController.swift */,
			);
			path = ProductGrid;
			sourceTree = "<group>";
		};
		BC1B710D2DCC899D00F6A354 /* RefreshAndLoad */ = {
			isa = PBXGroup;
			children = (
				BC1B710A2DCC899D00F6A354 /* RefreshContainerModel.swift */,
				BC1B710B2DCC899D00F6A354 /* RefreshMockDataAPI.swift */,
				BC1B710C2DCC899D00F6A354 /* RefreshViewController.swift */,
			);
			path = RefreshAndLoad;
			sourceTree = "<group>";
		};
		BC1B710F2DCC899D00F6A354 /* Reorder */ = {
			isa = PBXGroup;
			children = (
				BC1B710E2DCC899D00F6A354 /* ReorderViewController.swift */,
			);
			path = Reorder;
			sourceTree = "<group>";
		};
		BC1B71162DCC899D00F6A354 /* ShoppingCart */ = {
			isa = PBXGroup;
			children = (
				BC1B71102DCC899D00F6A354 /* ShoppingCartContainerModel.swift */,
				BC1B71112DCC899D00F6A354 /* ShoppingCartData.swift */,
				BC1B71122DCC899D00F6A354 /* ShoppingCartProductCell.swift */,
				BC1B71132DCC899D00F6A354 /* ShoppingCartTitleCell.swift */,
				BC1B71142DCC899D00F6A354 /* ShoppingCartTotalView.swift */,
				BC1B71152DCC899D00F6A354 /* ShoppingCartViewController.swift */,
			);
			path = ShoppingCart;
			sourceTree = "<group>";
		};
		BC1B711A2DCC899D00F6A354 /* ShoppingCart2 */ = {
			isa = PBXGroup;
			children = (
				BC1B71172DCC899D00F6A354 /* ShoppingCartContainerModel2.swift */,
				BC1B71182DCC899D00F6A354 /* ShoppingCartTotalCell.swift */,
				BC1B71192DCC899D00F6A354 /* ShoppingCartViewController2.swift */,
			);
			path = ShoppingCart2;
			sourceTree = "<group>";
		};
		BC1B711D2DCC899D00F6A354 /* SimpleList */ = {
			isa = PBXGroup;
			children = (
				BC1B711B2DCC899D00F6A354 /* SimpleLabelCell.swift */,
				BC1B711C2DCC899D00F6A354 /* SimpleListViewController.swift */,
			);
			path = SimpleList;
			sourceTree = "<group>";
		};
		BC1BFD3E280E76990024CB73 /* Example */ = {
			isa = PBXGroup;
			children = (
				BC1B70F32DCC899D00F6A354 /* Base */,
				BC1B70FA2DCC899D00F6A354 /* Category */,
				BC1B71002DCC899D00F6A354 /* PhotoAlbum */,
				BC1B71092DCC899D00F6A354 /* ProductGrid */,
				BC1B710D2DCC899D00F6A354 /* RefreshAndLoad */,
				BC1B710F2DCC899D00F6A354 /* Reorder */,
				BC1B71162DCC899D00F6A354 /* ShoppingCart */,
				BC1B711A2DCC899D00F6A354 /* ShoppingCart2 */,
				BC1B711D2DCC899D00F6A354 /* SimpleList */,
			);
			path = Example;
			sourceTree = "<group>";
		};
		BC1BFD99280E86A60024CB73 /* Packages */ = {
			isa = PBXGroup;
			children = (
				BC1BFD9A280E86A60024CB73 /* DCFrame */,
			);
			name = Packages;
			sourceTree = "<group>";
		};
/* End PBXGroup section */

/* Begin PBXNativeTarget section */
		273A1A39275D142400D37EB9 /* DCFrameExample */ = {
			isa = PBXNativeTarget;
			buildConfigurationList = 273A1A4E275D142500D37EB9 /* Build configuration list for PBXNativeTarget "DCFrameExample" */;
			buildPhases = (
				273A1A36275D142400D37EB9 /* Sources */,
				273A1A37275D142400D37EB9 /* Frameworks */,
				273A1A38275D142400D37EB9 /* Resources */,
			);
			buildRules = (
			);
			dependencies = (
			);
			name = DCFrameExample;
			packageProductDependencies = (
				BC1BFD9C280E88DF0024CB73 /* Then */,
				BC1BFD9F280E89310024CB73 /* SnapKit */,
				BC5C9A38280E8A7D0014C2C2 /* DCFrame */,
			);
			productName = DCFrameExample;
			productReference = 273A1A3A275D142400D37EB9 /* DCFrameExample.app */;
			productType = "com.apple.product-type.application";
		};
/* End PBXNativeTarget section */

/* Begin PBXProject section */
		273A1A32275D142400D37EB9 /* Project object */ = {
			isa = PBXProject;
			attributes = {
				BuildIndependentTargetsInParallel = 1;
				LastSwiftUpdateCheck = 1310;
				LastUpgradeCheck = 1310;
				TargetAttributes = {
					273A1A39275D142400D37EB9 = {
						CreatedOnToolsVersion = 13.1;
					};
				};
			};
			buildConfigurationList = 273A1A35275D142400D37EB9 /* Build configuration list for PBXProject "DCFrameExample" */;
			compatibilityVersion = "Xcode 13.0";
			developmentRegion = en;
			hasScannedForEncodings = 0;
			knownRegions = (
				en,
				Base,
			);
			mainGroup = 273A1A31275D142400D37EB9;
			packageReferences = (
				BC1BFD9B280E88DF0024CB73 /* XCRemoteSwiftPackageReference "Then" */,
				BC1BFD9E280E89310024CB73 /* XCRemoteSwiftPackageReference "SnapKit" */,
			);
			productRefGroup = 273A1A3B275D142400D37EB9 /* Products */;
			projectDirPath = "";
			projectRoot = "";
			targets = (
				273A1A39275D142400D37EB9 /* DCFrameExample */,
			);
		};
/* End PBXProject section */

/* Begin PBXResourcesBuildPhase section */
		273A1A38275D142400D37EB9 /* Resources */ = {
			isa = PBXResourcesBuildPhase;
			buildActionMask = 2147483647;
			files = (
				BC5C9A3C280E8BAB0014C2C2 /* LaunchScreen.xib in Resources */,
				27696B8C275D14AE00040681 /* Images.xcassets in Resources */,
			);
			runOnlyForDeploymentPostprocessing = 0;
		};
/* End PBXResourcesBuildPhase section */

/* Begin PBXSourcesBuildPhase section */
		273A1A36275D142400D37EB9 /* Sources */ = {
			isa = PBXSourcesBuildPhase;
			buildActionMask = 2147483647;
			files = (
				BC1B711E2DCC899D00F6A354 /* ShoppingCartContainerModel.swift in Sources */,
				BC1B711F2DCC899D00F6A354 /* DemosContainerModel.swift in Sources */,
				BC1B71202DCC899D00F6A354 /* GridItemCell.swift in Sources */,
				BC1B71212DCC899D00F6A354 /* AppDelegate.swift in Sources */,
				BC1B71222DCC899D00F6A354 /* ProductGridContainerModel.swift in Sources */,
				BC1B71232DCC899D00F6A354 /* DemosData.swift in Sources */,
				BC1B71242DCC899D00F6A354 /* ShoppingCartData.swift in Sources */,
				BC1B71252DCC899D00F6A354 /* RefreshMockDataAPI.swift in Sources */,
				BC1B71262DCC899D00F6A354 /* ViewController.swift in Sources */,
				BC1B71272DCC899D00F6A354 /* DemosViewController.swift in Sources */,
				BC1B71282DCC899D00F6A354 /* CategoryProductsContainerModel.swift in Sources */,
				BC1B71292DCC899D00F6A354 /* CategoryHeaderCell.swift in Sources */,
				BC1B712A2DCC899D00F6A354 /* ShoppingCartContainerModel2.swift in Sources */,
				BC1B712B2DCC899D00F6A354 /* ShoppingCartTotalCell.swift in Sources */,
				BC1B712C2DCC899D00F6A354 /* PhotoAlbumData.swift in Sources */,
				BC1B712D2DCC899D00F6A354 /* PhotoAlbumViewController.swift in Sources */,
				BC1B712E2DCC899D00F6A354 /* SimpleLabelCell.swift in Sources */,
				BC1B712F2DCC899D00F6A354 /* RefreshViewController.swift in Sources */,
				BC1B71302DCC899D00F6A354 /* CategoryViewController.swift in Sources */,
				BC1B71312DCC899D00F6A354 /* ShoppingCartViewController.swift in Sources */,
				BC1B71322DCC899D00F6A354 /* GridsMockData.swift in Sources */,
				BC1B71332DCC899D00F6A354 /* GridCategoryGroudModel.swift in Sources */,
				BC1B71342DCC899D00F6A354 /* GridPickedContainerModel.swift in Sources */,
				BC1B71352DCC899D00F6A354 /* DemosExtensions.swift in Sources */,
				BC1B71362DCC899D00F6A354 /* ProductGridViewController.swift in Sources */,
				BC1B71372DCC899D00F6A354 /* DemosLabelCell.swift in Sources */,
				BC1B71382DCC899D00F6A354 /* ReorderViewController.swift in Sources */,
				BC1B71392DCC899D00F6A354 /* PhotoAlbumContainerModel.swift in Sources */,
				BC1B713A2DCC899D00F6A354 /* ShoppingCartViewController2.swift in Sources */,
				BC1B713B2DCC899D00F6A354 /* PhotoAlbumMonthContainerModel.swift in Sources */,
				BC1B713C2DCC899D00F6A354 /* CategoryData.swift in Sources */,
				BC1B713D2DCC899D00F6A354 /* GridTitleCell.swift in Sources */,
				BC1B713E2DCC899D00F6A354 /* DemoUtils.swift in Sources */,
				BC1B713F2DCC899D00F6A354 /* PhotoAlbumShowAllCell.swift in Sources */,
				BC1B71402DCC899D00F6A354 /* DemosHandleProtocol.swift in Sources */,
				BC1B71412DCC899D00F6A354 /* DemosRefreshViewController.swift in Sources */,
				BC1B71422DCC899D00F6A354 /* ShoppingCartTitleCell.swift in Sources */,
				BC1B71432DCC899D00F6A354 /* ShoppingCartProductCell.swift in Sources */,
				BC1B71442DCC899D00F6A354 /* CategoryTitleCell.swift in Sources */,
				BC1B71452DCC899D00F6A354 /* SimpleListViewController.swift in Sources */,
				BC1B71462DCC899D00F6A354 /* CategoryTitlesContainerModel.swift in Sources */,
				BC1B71472DCC899D00F6A354 /* RefreshContainerModel.swift in Sources */,
				BC1B71482DCC899D00F6A354 /* ShoppingCartTotalView.swift in Sources */,
				BC1B71492DCC899D00F6A354 /* GridNewUserContainerModel.swift in Sources */,
			);
			runOnlyForDeploymentPostprocessing = 0;
		};
/* End PBXSourcesBuildPhase section */

/* Begin PBXVariantGroup section */
		27696B5C275D14AE00040681 /* LaunchScreen.xib */ = {
			isa = PBXVariantGroup;
			children = (
				27696B5D275D14AE00040681 /* Base */,
			);
			name = LaunchScreen.xib;
			sourceTree = "<group>";
		};
/* End PBXVariantGroup section */

/* Begin XCBuildConfiguration section */
		273A1A4C275D142500D37EB9 /* Debug */ = {
			isa = XCBuildConfiguration;
			buildSettings = {
				ALWAYS_SEARCH_USER_PATHS = NO;
				CLANG_ANALYZER_NONNULL = YES;
				CLANG_ANALYZER_NUMBER_OBJECT_CONVERSION = YES_AGGRESSIVE;
				CLANG_CXX_LANGUAGE_STANDARD = "gnu++17";
				CLANG_CXX_LIBRARY = "libc++";
				CLANG_ENABLE_MODULES = YES;
				CLANG_ENABLE_OBJC_ARC = YES;
				CLANG_ENABLE_OBJC_WEAK = YES;
				CLANG_WARN_BLOCK_CAPTURE_AUTORELEASING = YES;
				CLANG_WARN_BOOL_CONVERSION = YES;
				CLANG_WARN_COMMA = YES;
				CLANG_WARN_CONSTANT_CONVERSION = YES;
				CLANG_WARN_DEPRECATED_OBJC_IMPLEMENTATIONS = YES;
				CLANG_WARN_DIRECT_OBJC_ISA_USAGE = YES_ERROR;
				CLANG_WARN_DOCUMENTATION_COMMENTS = YES;
				CLANG_WARN_EMPTY_BODY = YES;
				CLANG_WARN_ENUM_CONVERSION = YES;
				CLANG_WARN_INFINITE_RECURSION = YES;
				CLANG_WARN_INT_CONVERSION = YES;
				CLANG_WARN_NON_LITERAL_NULL_CONVERSION = YES;
				CLANG_WARN_OBJC_IMPLICIT_RETAIN_SELF = YES;
				CLANG_WARN_OBJC_LITERAL_CONVERSION = YES;
				CLANG_WARN_OBJC_ROOT_CLASS = YES_ERROR;
				CLANG_WARN_QUOTED_INCLUDE_IN_FRAMEWORK_HEADER = YES;
				CLANG_WARN_RANGE_LOOP_ANALYSIS = YES;
				CLANG_WARN_STRICT_PROTOTYPES = YES;
				CLANG_WARN_SUSPICIOUS_MOVE = YES;
				CLANG_WARN_UNGUARDED_AVAILABILITY = YES_AGGRESSIVE;
				CLANG_WARN_UNREACHABLE_CODE = YES;
				CLANG_WARN__DUPLICATE_METHOD_MATCH = YES;
				COPY_PHASE_STRIP = NO;
				DEBUG_INFORMATION_FORMAT = dwarf;
				ENABLE_STRICT_OBJC_MSGSEND = YES;
				ENABLE_TESTABILITY = YES;
				GCC_C_LANGUAGE_STANDARD = gnu11;
				GCC_DYNAMIC_NO_PIC = NO;
				GCC_NO_COMMON_BLOCKS = YES;
				GCC_OPTIMIZATION_LEVEL = 0;
				GCC_PREPROCESSOR_DEFINITIONS = (
					"DEBUG=1",
					"$(inherited)",
				);
				GCC_WARN_64_TO_32_BIT_CONVERSION = YES;
				GCC_WARN_ABOUT_RETURN_TYPE = YES_ERROR;
				GCC_WARN_UNDECLARED_SELECTOR = YES;
				GCC_WARN_UNINITIALIZED_AUTOS = YES_AGGRESSIVE;
				GCC_WARN_UNUSED_FUNCTION = YES;
				GCC_WARN_UNUSED_VARIABLE = YES;
				IPHONEOS_DEPLOYMENT_TARGET = 15.0;
				MTL_ENABLE_DEBUG_INFO = INCLUDE_SOURCE;
				MTL_FAST_MATH = YES;
				ONLY_ACTIVE_ARCH = YES;
				SDKROOT = iphoneos;
				SWIFT_ACTIVE_COMPILATION_CONDITIONS = DEBUG;
				SWIFT_OPTIMIZATION_LEVEL = "-Onone";
			};
			name = Debug;
		};
		273A1A4D275D142500D37EB9 /* Release */ = {
			isa = XCBuildConfiguration;
			buildSettings = {
				ALWAYS_SEARCH_USER_PATHS = NO;
				CLANG_ANALYZER_NONNULL = YES;
				CLANG_ANALYZER_NUMBER_OBJECT_CONVERSION = YES_AGGRESSIVE;
				CLANG_CXX_LANGUAGE_STANDARD = "gnu++17";
				CLANG_CXX_LIBRARY = "libc++";
				CLANG_ENABLE_MODULES = YES;
				CLANG_ENABLE_OBJC_ARC = YES;
				CLANG_ENABLE_OBJC_WEAK = YES;
				CLANG_WARN_BLOCK_CAPTURE_AUTORELEASING = YES;
				CLANG_WARN_BOOL_CONVERSION = YES;
				CLANG_WARN_COMMA = YES;
				CLANG_WARN_CONSTANT_CONVERSION = YES;
				CLANG_WARN_DEPRECATED_OBJC_IMPLEMENTATIONS = YES;
				CLANG_WARN_DIRECT_OBJC_ISA_USAGE = YES_ERROR;
				CLANG_WARN_DOCUMENTATION_COMMENTS = YES;
				CLANG_WARN_EMPTY_BODY = YES;
				CLANG_WARN_ENUM_CONVERSION = YES;
				CLANG_WARN_INFINITE_RECURSION = YES;
				CLANG_WARN_INT_CONVERSION = YES;
				CLANG_WARN_NON_LITERAL_NULL_CONVERSION = YES;
				CLANG_WARN_OBJC_IMPLICIT_RETAIN_SELF = YES;
				CLANG_WARN_OBJC_LITERAL_CONVERSION = YES;
				CLANG_WARN_OBJC_ROOT_CLASS = YES_ERROR;
				CLANG_WARN_QUOTED_INCLUDE_IN_FRAMEWORK_HEADER = YES;
				CLANG_WARN_RANGE_LOOP_ANALYSIS = YES;
				CLANG_WARN_STRICT_PROTOTYPES = YES;
				CLANG_WARN_SUSPICIOUS_MOVE = YES;
				CLANG_WARN_UNGUARDED_AVAILABILITY = YES_AGGRESSIVE;
				CLANG_WARN_UNREACHABLE_CODE = YES;
				CLANG_WARN__DUPLICATE_METHOD_MATCH = YES;
				COPY_PHASE_STRIP = NO;
				DEBUG_INFORMATION_FORMAT = "dwarf-with-dsym";
				ENABLE_NS_ASSERTIONS = NO;
				ENABLE_STRICT_OBJC_MSGSEND = YES;
				GCC_C_LANGUAGE_STANDARD = gnu11;
				GCC_NO_COMMON_BLOCKS = YES;
				GCC_WARN_64_TO_32_BIT_CONVERSION = YES;
				GCC_WARN_ABOUT_RETURN_TYPE = YES_ERROR;
				GCC_WARN_UNDECLARED_SELECTOR = YES;
				GCC_WARN_UNINITIALIZED_AUTOS = YES_AGGRESSIVE;
				GCC_WARN_UNUSED_FUNCTION = YES;
				GCC_WARN_UNUSED_VARIABLE = YES;
				IPHONEOS_DEPLOYMENT_TARGET = 15.0;
				MTL_ENABLE_DEBUG_INFO = NO;
				MTL_FAST_MATH = YES;
				SDKROOT = iphoneos;
				SWIFT_COMPILATION_MODE = wholemodule;
				SWIFT_OPTIMIZATION_LEVEL = "-O";
				VALIDATE_PRODUCT = YES;
			};
			name = Release;
		};
		273A1A4F275D142500D37EB9 /* Debug */ = {
			isa = XCBuildConfiguration;
			buildSettings = {
				ASSETCATALOG_COMPILER_APPICON_NAME = AppIcon;
				ASSETCATALOG_COMPILER_GLOBAL_ACCENT_COLOR_NAME = AccentColor;
				CODE_SIGN_STYLE = Automatic;
				CURRENT_PROJECT_VERSION = 1;
				DEVELOPMENT_TEAM = VB7MJ8R223;
				GENERATE_INFOPLIST_FILE = YES;
				INFOPLIST_FILE = DCFrameExample/Info.plist;
				INFOPLIST_KEY_NSMainNibFile = "";
				INFOPLIST_KEY_UIApplicationSupportsIndirectInputEvents = YES;
				INFOPLIST_KEY_UILaunchStoryboardName = LaunchScreen;
				INFOPLIST_KEY_UIRequiredDeviceCapabilities = armv7;
				INFOPLIST_KEY_UISupportedInterfaceOrientations = "UIInterfaceOrientationPortrait UIInterfaceOrientationLandscapeLeft";
				INFOPLIST_KEY_UISupportedInterfaceOrientations_iPad = "UIInterfaceOrientationPortrait UIInterfaceOrientationPortraitUpsideDown UIInterfaceOrientationLandscapeLeft UIInterfaceOrientationLandscapeRight";
				INFOPLIST_KEY_UISupportedInterfaceOrientations_iPhone = "UIInterfaceOrientationPortrait UIInterfaceOrientationLandscapeLeft UIInterfaceOrientationLandscapeRight";
				IPHONEOS_DEPLOYMENT_TARGET = 17.5;
				LD_RUNPATH_SEARCH_PATHS = (
					"$(inherited)",
					"@executable_path/Frameworks",
				);
				MARKETING_VERSION = 1.0;
				PRODUCT_BUNDLE_IDENTIFIER = com.bytedance.DCFrameExample;
				PRODUCT_NAME = "$(TARGET_NAME)";
				SWIFT_EMIT_LOC_STRINGS = YES;
				SWIFT_VERSION = 5.0;
				TARGETED_DEVICE_FAMILY = "1,2";
			};
			name = Debug;
		};
		273A1A50275D142500D37EB9 /* Release */ = {
			isa = XCBuildConfiguration;
			buildSettings = {
				ASSETCATALOG_COMPILER_APPICON_NAME = AppIcon;
				ASSETCATALOG_COMPILER_GLOBAL_ACCENT_COLOR_NAME = AccentColor;
				CODE_SIGN_STYLE = Automatic;
				CURRENT_PROJECT_VERSION = 1;
				DEVELOPMENT_TEAM = VB7MJ8R223;
				GENERATE_INFOPLIST_FILE = YES;
				INFOPLIST_FILE = DCFrameExample/Info.plist;
				INFOPLIST_KEY_NSMainNibFile = "";
				INFOPLIST_KEY_UIApplicationSupportsIndirectInputEvents = YES;
				INFOPLIST_KEY_UILaunchStoryboardName = LaunchScreen;
				INFOPLIST_KEY_UIRequiredDeviceCapabilities = armv7;
				INFOPLIST_KEY_UISupportedInterfaceOrientations = "UIInterfaceOrientationPortrait UIInterfaceOrientationLandscapeLeft";
				INFOPLIST_KEY_UISupportedInterfaceOrientations_iPad = "UIInterfaceOrientationPortrait UIInterfaceOrientationPortraitUpsideDown UIInterfaceOrientationLandscapeLeft UIInterfaceOrientationLandscapeRight";
				INFOPLIST_KEY_UISupportedInterfaceOrientations_iPhone = "UIInterfaceOrientationPortrait UIInterfaceOrientationLandscapeLeft UIInterfaceOrientationLandscapeRight";
				IPHONEOS_DEPLOYMENT_TARGET = 17.5;
				LD_RUNPATH_SEARCH_PATHS = (
					"$(inherited)",
					"@executable_path/Frameworks",
				);
				MARKETING_VERSION = 1.0;
				PRODUCT_BUNDLE_IDENTIFIER = com.bytedance.DCFrameExample;
				PRODUCT_NAME = "$(TARGET_NAME)";
				SWIFT_EMIT_LOC_STRINGS = YES;
				SWIFT_VERSION = 5.0;
				TARGETED_DEVICE_FAMILY = "1,2";
			};
			name = Release;
		};
/* End XCBuildConfiguration section */

/* Begin XCConfigurationList section */
		273A1A35275D142400D37EB9 /* Build configuration list for PBXProject "DCFrameExample" */ = {
			isa = XCConfigurationList;
			buildConfigurations = (
				273A1A4C275D142500D37EB9 /* Debug */,
				273A1A4D275D142500D37EB9 /* Release */,
			);
			defaultConfigurationIsVisible = 0;
			defaultConfigurationName = Release;
		};
		273A1A4E275D142500D37EB9 /* Build configuration list for PBXNativeTarget "DCFrameExample" */ = {
			isa = XCConfigurationList;
			buildConfigurations = (
				273A1A4F275D142500D37EB9 /* Debug */,
				273A1A50275D142500D37EB9 /* Release */,
			);
			defaultConfigurationIsVisible = 0;
			defaultConfigurationName = Release;
		};
/* End XCConfigurationList section */

/* Begin XCRemoteSwiftPackageReference section */
		BC1BFD9B280E88DF0024CB73 /* XCRemoteSwiftPackageReference "Then" */ = {
			isa = XCRemoteSwiftPackageReference;
			repositoryURL = "https://github.com/devxoul/Then";
			requirement = {
				kind = upToNextMajorVersion;
				minimumVersion = 2.0.0;
			};
		};
		BC1BFD9E280E89310024CB73 /* XCRemoteSwiftPackageReference "SnapKit" */ = {
			isa = XCRemoteSwiftPackageReference;
			repositoryURL = "https://github.com/SnapKit/SnapKit.git";
			requirement = {
				kind = upToNextMajorVersion;
				minimumVersion = 5.0.0;
			};
		};
/* End XCRemoteSwiftPackageReference section */

/* Begin XCSwiftPackageProductDependency section */
		BC1BFD9C280E88DF0024CB73 /* Then */ = {
			isa = XCSwiftPackageProductDependency;
			package = BC1BFD9B280E88DF0024CB73 /* XCRemoteSwiftPackageReference "Then" */;
			productName = Then;
		};
		BC1BFD9F280E89310024CB73 /* SnapKit */ = {
			isa = XCSwiftPackageProductDependency;
			package = BC1BFD9E280E89310024CB73 /* XCRemoteSwiftPackageReference "SnapKit" */;
			productName = SnapKit;
		};
		BC5C9A38280E8A7D0014C2C2 /* DCFrame */ = {
			isa = XCSwiftPackageProductDependency;
			productName = DCFrame;
		};
/* End XCSwiftPackageProductDependency section */
	};
	rootObject = 273A1A32275D142400D37EB9 /* Project object */;
}
