// !$*UTF8*$!
{
	archiveVersion = 1;
	classes = {
	};
	objectVersion = 46;
	objects = {

/* Begin PBXBuildFile section */
		607FACD61AFB9204008FA782 /* AppDelegate.swift in Sources */ = {isa = PBXBuildFile; fileRef = 607FACD51AFB9204008FA782 /* AppDelegate.swift */; };
		607FACD81AFB9204008FA782 /* ViewController.swift in Sources */ = {isa = PBXBuildFile; fileRef = 607FACD71AFB9204008FA782 /* ViewController.swift */; };
		607FACDD1AFB9204008FA782 /* Images.xcassets in Resources */ = {isa = PBXBuildFile; fileRef = 607FACDC1AFB9204008FA782 /* Images.xcassets */; };
		607FACE01AFB9204008FA782 /* LaunchScreen.xib in Resources */ = {isa = PBXBuildFile; fileRef = 607FACDE1AFB9204008FA782 /* LaunchScreen.xib */; };
		9BFB86445EBC73E2127DE39F /* Pods_DCFrame_Example.framework in Frameworks */ = {isa = PBXBuildFile; fileRef = D3F860F0BCBA48E6225DADB6 /* Pods_DCFrame_Example.framework */; settings = {ATTRIBUTES = (Required, ); }; };
		BC1A222C25073411004EB910 /* DiffLabelCellModel.swift in Sources */ = {isa = PBXBuildFile; fileRef = BC1A222B25073411004EB910 /* DiffLabelCellModel.swift */; };
		BC1A223625074560004EB910 /* ShareDataLabelCell.swift in Sources */ = {isa = PBXBuildFile; fileRef = BC1A223525074560004EB910 /* ShareDataLabelCell.swift */; };
		BC3267CA248F545F008A9B48 /* MonthTitleCell.swift in Sources */ = {isa = PBXBuildFile; fileRef = BC3267C9248F545F008A9B48 /* MonthTitleCell.swift */; };
		BC3267CC248F5506008A9B48 /* CalendarView.swift in Sources */ = {isa = PBXBuildFile; fileRef = BC3267CB248F5506008A9B48 /* CalendarView.swift */; };
		BC3267D0248F7423008A9B48 /* ShareDataViewController.swift in Sources */ = {isa = PBXBuildFile; fileRef = BC3267CF248F7423008A9B48 /* ShareDataViewController.swift */; };
		BC3267D2248F82B6008A9B48 /* PostListViewController.swift in Sources */ = {isa = PBXBuildFile; fileRef = BC3267D1248F82B6008A9B48 /* PostListViewController.swift */; };
		BC3267D4248F82D9008A9B48 /* PostListContainerModel.swift in Sources */ = {isa = PBXBuildFile; fileRef = BC3267D3248F82D9008A9B48 /* PostListContainerModel.swift */; };
		BC3267D6248F8332008A9B48 /* UserInfoCell.swift in Sources */ = {isa = PBXBuildFile; fileRef = BC3267D5248F8332008A9B48 /* UserInfoCell.swift */; };
		BC3267D8248F87EE008A9B48 /* PhotoCell.swift in Sources */ = {isa = PBXBuildFile; fileRef = BC3267D7248F87EE008A9B48 /* PhotoCell.swift */; };
		BC3267DA248F8884008A9B48 /* CommentCell.swift in Sources */ = {isa = PBXBuildFile; fileRef = BC3267D9248F8884008A9B48 /* CommentCell.swift */; };
		BC3267DC248F8A15008A9B48 /* InteractiveCell.swift in Sources */ = {isa = PBXBuildFile; fileRef = BC3267DB248F8A15008A9B48 /* InteractiveCell.swift */; };
		BC3267DE248F8EEA008A9B48 /* PostCommentsContainerModel.swift in Sources */ = {isa = PBXBuildFile; fileRef = BC3267DD248F8EEA008A9B48 /* PostCommentsContainerModel.swift */; };
		BC3267E0248F8F91008A9B48 /* PostItemContainerModel.swift in Sources */ = {isa = PBXBuildFile; fileRef = BC3267DF248F8F91008A9B48 /* PostItemContainerModel.swift */; };
		BC3267E2248F962A008A9B48 /* MergeViewController.swift in Sources */ = {isa = PBXBuildFile; fileRef = BC3267E1248F962A008A9B48 /* MergeViewController.swift */; };
		BC364136242F011500B20760 /* DCViewController.swift in Sources */ = {isa = PBXBuildFile; fileRef = BC364135242F011500B20760 /* DCViewController.swift */; };
		BC407C46242FA6F8007F8B8C /* DCFrame_ExampleUITests.swift in Sources */ = {isa = PBXBuildFile; fileRef = BC407C45242FA6F8007F8B8C /* DCFrame_ExampleUITests.swift */; };
		BC407C5324306A9F007F8B8C /* EventDataControllerTests.swift in Sources */ = {isa = PBXBuildFile; fileRef = BC407C5224306A9F007F8B8C /* EventDataControllerTests.swift */; };
		BC768C3825066E3D00409CA6 /* SimpleListViewController.swift in Sources */ = {isa = PBXBuildFile; fileRef = BC768C3725066E3D00409CA6 /* SimpleListViewController.swift */; };
		BC768C3A25066E6E00409CA6 /* SimpleLabelCell.swift in Sources */ = {isa = PBXBuildFile; fileRef = BC768C3925066E6E00409CA6 /* SimpleLabelCell.swift */; };
		BC768C3E25072F4100409CA6 /* LabelCell.xib in Resources */ = {isa = PBXBuildFile; fileRef = BC768C3C25072F4100409CA6 /* LabelCell.xib */; };
		BC768C3F25072F4100409CA6 /* LabelCell.swift in Sources */ = {isa = PBXBuildFile; fileRef = BC768C3D25072F4100409CA6 /* LabelCell.swift */; };
		BC768C4125072F6600409CA6 /* SimpleListXibViewController.swift in Sources */ = {isa = PBXBuildFile; fileRef = BC768C4025072F6600409CA6 /* SimpleListXibViewController.swift */; };
		BC8139C824A876F60084378C /* DCRefreshViewController.swift in Sources */ = {isa = PBXBuildFile; fileRef = BC8139C724A876F60084378C /* DCRefreshViewController.swift */; };
		BC8139CA24A8ABF30084378C /* RefreshCM.swift in Sources */ = {isa = PBXBuildFile; fileRef = BC8139C924A8ABF30084378C /* RefreshCM.swift */; };
		BC997E9D2490C46500E5F891 /* DCFrame.framework in Frameworks */ = {isa = PBXBuildFile; fileRef = BC997E9C2490C46500E5F891 /* DCFrame.framework */; };
		BC997E9F2490E44600E5F891 /* DiffTableViewController.swift in Sources */ = {isa = PBXBuildFile; fileRef = BC997E9E2490E44600E5F891 /* DiffTableViewController.swift */; };
		BC997EA12490FCFF00E5F891 /* WorkingRangeViewController.swift in Sources */ = {isa = PBXBuildFile; fileRef = BC997EA02490FCFF00E5F891 /* WorkingRangeViewController.swift */; };
		BC997EA3249104D800E5F891 /* ImageCell.swift in Sources */ = {isa = PBXBuildFile; fileRef = BC997EA2249104D800E5F891 /* ImageCell.swift */; };
		BCBEADE3248E2A8100C401E1 /* SearchAutoCompleteViewController.swift in Sources */ = {isa = PBXBuildFile; fileRef = BCBEADE2248E2A8100C401E1 /* SearchAutoCompleteViewController.swift */; };
		BCBEADE5248E2CD400C401E1 /* SearchCell.swift in Sources */ = {isa = PBXBuildFile; fileRef = BCBEADE4248E2CD400C401E1 /* SearchCell.swift */; };
		BCBEADE7248E2F0600C401E1 /* SearchAutoCompleteCM.swift in Sources */ = {isa = PBXBuildFile; fileRef = BCBEADE6248E2F0600C401E1 /* SearchAutoCompleteCM.swift */; };
		BCBEADE9248E462200C401E1 /* MixedDataViewController.swift in Sources */ = {isa = PBXBuildFile; fileRef = BCBEADE8248E462200C401E1 /* MixedDataViewController.swift */; };
		BCBEADEB248E4A1A00C401E1 /* GridItemsCell.swift in Sources */ = {isa = PBXBuildFile; fileRef = BCBEADEA248E4A1A00C401E1 /* GridItemsCell.swift */; };
		BCBEADED248E4BFB00C401E1 /* UserCell.swift in Sources */ = {isa = PBXBuildFile; fileRef = BCBEADEC248E4BFB00C401E1 /* UserCell.swift */; };
		BCBEADEF248E4F5300C401E1 /* ExpandableLabelCell.swift in Sources */ = {isa = PBXBuildFile; fileRef = BCBEADEE248E4F5300C401E1 /* ExpandableLabelCell.swift */; };
		BCBEADF1248F2FC100C401E1 /* EmptyViewController.swift in Sources */ = {isa = PBXBuildFile; fileRef = BCBEADF0248F2FC100C401E1 /* EmptyViewController.swift */; };
		BCBEADF3248F336700C401E1 /* RemoveCell.swift in Sources */ = {isa = PBXBuildFile; fileRef = BCBEADF2248F336700C401E1 /* RemoveCell.swift */; };
		BCBEADF5248F354200C401E1 /* EmptyViewContainerModel.swift in Sources */ = {isa = PBXBuildFile; fileRef = BCBEADF4248F354200C401E1 /* EmptyViewContainerModel.swift */; };
		BCBEADF7248F3E3300C401E1 /* CalendarViewController.swift in Sources */ = {isa = PBXBuildFile; fileRef = BCBEADF6248F3E3300C401E1 /* CalendarViewController.swift */; };
		BCBEADF9248F427000C401E1 /* CalendarContainerModel.swift in Sources */ = {isa = PBXBuildFile; fileRef = BCBEADF8248F427000C401E1 /* CalendarContainerModel.swift */; };
		BCCF5C54248E019D00D4A131 /* RefreshViewController.swift in Sources */ = {isa = PBXBuildFile; fileRef = BCCF5C53248E019D00D4A131 /* RefreshViewController.swift */; };
		BCFEFB8A24306D8D0019E86F /* BaseUnitTestCase.swift in Sources */ = {isa = PBXBuildFile; fileRef = BCFEFB8924306D8D0019E86F /* BaseUnitTestCase.swift */; };
		DF47CE35AAEBBD6976CB0BBA /* Pods_DCFrame_ExampleTests.framework in Frameworks */ = {isa = PBXBuildFile; fileRef = D85064AA788517B4077E0C9C /* Pods_DCFrame_ExampleTests.framework */; };
/* End PBXBuildFile section */

/* Begin PBXContainerItemProxy section */
		BC407C3A242FA6CB007F8B8C /* PBXContainerItemProxy */ = {
			isa = PBXContainerItemProxy;
			containerPortal = 607FACC81AFB9204008FA782 /* Project object */;
			proxyType = 1;
			remoteGlobalIDString = 607FACCF1AFB9204008FA782;
			remoteInfo = DCFrame_Example;
		};
		BC407C48242FA6F8007F8B8C /* PBXContainerItemProxy */ = {
			isa = PBXContainerItemProxy;
			containerPortal = 607FACC81AFB9204008FA782 /* Project object */;
			proxyType = 1;
			remoteGlobalIDString = 607FACCF1AFB9204008FA782;
			remoteInfo = DCFrame_Example;
		};
/* End PBXContainerItemProxy section */

/* Begin PBXFileReference section */
		4AFD2CCF1CD26ED226EEE5DD /* LICENSE */ = {isa = PBXFileReference; includeInIndex = 1; lastKnownFileType = text; name = LICENSE; path = ../LICENSE; sourceTree = "<group>"; };
		591F874386941BBBE822C920 /* Pods-DCFrame_Tests.debug.xcconfig */ = {isa = PBXFileReference; includeInIndex = 1; lastKnownFileType = text.xcconfig; name = "Pods-DCFrame_Tests.debug.xcconfig"; path = "Target Support Files/Pods-DCFrame_Tests/Pods-DCFrame_Tests.debug.xcconfig"; sourceTree = "<group>"; };
		607D9826D3260FDCCFAB6536 /* Pods-DCFrame_Tests.release.xcconfig */ = {isa = PBXFileReference; includeInIndex = 1; lastKnownFileType = text.xcconfig; name = "Pods-DCFrame_Tests.release.xcconfig"; path = "Target Support Files/Pods-DCFrame_Tests/Pods-DCFrame_Tests.release.xcconfig"; sourceTree = "<group>"; };
		607FACD01AFB9204008FA782 /* DCFrame_Example.app */ = {isa = PBXFileReference; explicitFileType = wrapper.application; includeInIndex = 0; path = DCFrame_Example.app; sourceTree = BUILT_PRODUCTS_DIR; };
		607FACD41AFB9204008FA782 /* Info.plist */ = {isa = PBXFileReference; lastKnownFileType = text.plist.xml; path = Info.plist; sourceTree = "<group>"; };
		607FACD51AFB9204008FA782 /* AppDelegate.swift */ = {isa = PBXFileReference; lastKnownFileType = sourcecode.swift; path = AppDelegate.swift; sourceTree = "<group>"; };
		607FACD71AFB9204008FA782 /* ViewController.swift */ = {isa = PBXFileReference; lastKnownFileType = sourcecode.swift; path = ViewController.swift; sourceTree = "<group>"; };
		607FACDC1AFB9204008FA782 /* Images.xcassets */ = {isa = PBXFileReference; lastKnownFileType = folder.assetcatalog; path = Images.xcassets; sourceTree = "<group>"; };
		607FACDF1AFB9204008FA782 /* Base */ = {isa = PBXFileReference; lastKnownFileType = file.xib; name = Base; path = Base.lproj/LaunchScreen.xib; sourceTree = "<group>"; };
		62F856678C886F1138590C49 /* Pods-DCFrame_ExampleTests.debug.xcconfig */ = {isa = PBXFileReference; includeInIndex = 1; lastKnownFileType = text.xcconfig; name = "Pods-DCFrame_ExampleTests.debug.xcconfig"; path = "Target Support Files/Pods-DCFrame_ExampleTests/Pods-DCFrame_ExampleTests.debug.xcconfig"; sourceTree = "<group>"; };
		84A0DC99F9F023D1AA523209 /* Pods-DCFrame_Example.debug.xcconfig */ = {isa = PBXFileReference; includeInIndex = 1; lastKnownFileType = text.xcconfig; name = "Pods-DCFrame_Example.debug.xcconfig"; path = "Target Support Files/Pods-DCFrame_Example/Pods-DCFrame_Example.debug.xcconfig"; sourceTree = "<group>"; };
		92213781D417229C93444446 /* README.md */ = {isa = PBXFileReference; includeInIndex = 1; lastKnownFileType = net.daringfireball.markdown; name = README.md; path = ../README.md; sourceTree = "<group>"; };
		BC1A222B25073411004EB910 /* DiffLabelCellModel.swift */ = {isa = PBXFileReference; lastKnownFileType = sourcecode.swift; path = DiffLabelCellModel.swift; sourceTree = "<group>"; };
		BC1A223525074560004EB910 /* ShareDataLabelCell.swift */ = {isa = PBXFileReference; lastKnownFileType = sourcecode.swift; path = ShareDataLabelCell.swift; sourceTree = "<group>"; };
		BC3267C9248F545F008A9B48 /* MonthTitleCell.swift */ = {isa = PBXFileReference; lastKnownFileType = sourcecode.swift; path = MonthTitleCell.swift; sourceTree = "<group>"; };
		BC3267CB248F5506008A9B48 /* CalendarView.swift */ = {isa = PBXFileReference; lastKnownFileType = sourcecode.swift; path = CalendarView.swift; sourceTree = "<group>"; };
		BC3267CF248F7423008A9B48 /* ShareDataViewController.swift */ = {isa = PBXFileReference; lastKnownFileType = sourcecode.swift; path = ShareDataViewController.swift; sourceTree = "<group>"; };
		BC3267D1248F82B6008A9B48 /* PostListViewController.swift */ = {isa = PBXFileReference; lastKnownFileType = sourcecode.swift; path = PostListViewController.swift; sourceTree = "<group>"; };
		BC3267D3248F82D9008A9B48 /* PostListContainerModel.swift */ = {isa = PBXFileReference; lastKnownFileType = sourcecode.swift; path = PostListContainerModel.swift; sourceTree = "<group>"; };
		BC3267D5248F8332008A9B48 /* UserInfoCell.swift */ = {isa = PBXFileReference; lastKnownFileType = sourcecode.swift; path = UserInfoCell.swift; sourceTree = "<group>"; };
		BC3267D7248F87EE008A9B48 /* PhotoCell.swift */ = {isa = PBXFileReference; lastKnownFileType = sourcecode.swift; path = PhotoCell.swift; sourceTree = "<group>"; };
		BC3267D9248F8884008A9B48 /* CommentCell.swift */ = {isa = PBXFileReference; lastKnownFileType = sourcecode.swift; path = CommentCell.swift; sourceTree = "<group>"; };
		BC3267DB248F8A15008A9B48 /* InteractiveCell.swift */ = {isa = PBXFileReference; lastKnownFileType = sourcecode.swift; path = InteractiveCell.swift; sourceTree = "<group>"; };
		BC3267DD248F8EEA008A9B48 /* PostCommentsContainerModel.swift */ = {isa = PBXFileReference; lastKnownFileType = sourcecode.swift; path = PostCommentsContainerModel.swift; sourceTree = "<group>"; };
		BC3267DF248F8F91008A9B48 /* PostItemContainerModel.swift */ = {isa = PBXFileReference; lastKnownFileType = sourcecode.swift; path = PostItemContainerModel.swift; sourceTree = "<group>"; };
		BC3267E1248F962A008A9B48 /* MergeViewController.swift */ = {isa = PBXFileReference; lastKnownFileType = sourcecode.swift; path = MergeViewController.swift; sourceTree = "<group>"; };
		BC364135242F011500B20760 /* DCViewController.swift */ = {isa = PBXFileReference; fileEncoding = 4; lastKnownFileType = sourcecode.swift; path = DCViewController.swift; sourceTree = "<group>"; };
		BC407C35242FA6CB007F8B8C /* DCFrame_ExampleTests.xctest */ = {isa = PBXFileReference; explicitFileType = wrapper.cfbundle; includeInIndex = 0; path = DCFrame_ExampleTests.xctest; sourceTree = BUILT_PRODUCTS_DIR; };
		BC407C39242FA6CB007F8B8C /* Info.plist */ = {isa = PBXFileReference; lastKnownFileType = text.plist.xml; path = Info.plist; sourceTree = "<group>"; };
		BC407C43242FA6F8007F8B8C /* DCFrame_ExampleUITests.xctest */ = {isa = PBXFileReference; explicitFileType = wrapper.cfbundle; includeInIndex = 0; path = DCFrame_ExampleUITests.xctest; sourceTree = BUILT_PRODUCTS_DIR; };
		BC407C45242FA6F8007F8B8C /* DCFrame_ExampleUITests.swift */ = {isa = PBXFileReference; lastKnownFileType = sourcecode.swift; path = DCFrame_ExampleUITests.swift; sourceTree = "<group>"; };
		BC407C47242FA6F8007F8B8C /* Info.plist */ = {isa = PBXFileReference; lastKnownFileType = text.plist.xml; path = Info.plist; sourceTree = "<group>"; };
		BC407C5224306A9F007F8B8C /* EventDataControllerTests.swift */ = {isa = PBXFileReference; lastKnownFileType = sourcecode.swift; path = EventDataControllerTests.swift; sourceTree = "<group>"; };
		BC768C3725066E3D00409CA6 /* SimpleListViewController.swift */ = {isa = PBXFileReference; fileEncoding = 4; lastKnownFileType = sourcecode.swift; path = SimpleListViewController.swift; sourceTree = "<group>"; };
		BC768C3925066E6E00409CA6 /* SimpleLabelCell.swift */ = {isa = PBXFileReference; lastKnownFileType = sourcecode.swift; path = SimpleLabelCell.swift; sourceTree = "<group>"; };
		BC768C3C25072F4100409CA6 /* LabelCell.xib */ = {isa = PBXFileReference; fileEncoding = 4; lastKnownFileType = file.xib; path = LabelCell.xib; sourceTree = "<group>"; };
		BC768C3D25072F4100409CA6 /* LabelCell.swift */ = {isa = PBXFileReference; fileEncoding = 4; lastKnownFileType = sourcecode.swift; path = LabelCell.swift; sourceTree = "<group>"; };
		BC768C4025072F6600409CA6 /* SimpleListXibViewController.swift */ = {isa = PBXFileReference; lastKnownFileType = sourcecode.swift; path = SimpleListXibViewController.swift; sourceTree = "<group>"; };
		BC8139C724A876F60084378C /* DCRefreshViewController.swift */ = {isa = PBXFileReference; lastKnownFileType = sourcecode.swift; path = DCRefreshViewController.swift; sourceTree = "<group>"; };
		BC8139C924A8ABF30084378C /* RefreshCM.swift */ = {isa = PBXFileReference; lastKnownFileType = sourcecode.swift; path = RefreshCM.swift; sourceTree = "<group>"; };
		BC997E9C2490C46500E5F891 /* DCFrame.framework */ = {isa = PBXFileReference; explicitFileType = wrapper.framework; path = DCFrame.framework; sourceTree = BUILT_PRODUCTS_DIR; };
		BC997E9E2490E44600E5F891 /* DiffTableViewController.swift */ = {isa = PBXFileReference; lastKnownFileType = sourcecode.swift; path = DiffTableViewController.swift; sourceTree = "<group>"; };
		BC997EA02490FCFF00E5F891 /* WorkingRangeViewController.swift */ = {isa = PBXFileReference; lastKnownFileType = sourcecode.swift; path = WorkingRangeViewController.swift; sourceTree = "<group>"; };
		BC997EA2249104D800E5F891 /* ImageCell.swift */ = {isa = PBXFileReference; lastKnownFileType = sourcecode.swift; path = ImageCell.swift; sourceTree = "<group>"; };
		BCBEADE2248E2A8100C401E1 /* SearchAutoCompleteViewController.swift */ = {isa = PBXFileReference; lastKnownFileType = sourcecode.swift; path = SearchAutoCompleteViewController.swift; sourceTree = "<group>"; };
		BCBEADE4248E2CD400C401E1 /* SearchCell.swift */ = {isa = PBXFileReference; lastKnownFileType = sourcecode.swift; path = SearchCell.swift; sourceTree = "<group>"; };
		BCBEADE6248E2F0600C401E1 /* SearchAutoCompleteCM.swift */ = {isa = PBXFileReference; lastKnownFileType = sourcecode.swift; path = SearchAutoCompleteCM.swift; sourceTree = "<group>"; };
		BCBEADE8248E462200C401E1 /* MixedDataViewController.swift */ = {isa = PBXFileReference; lastKnownFileType = sourcecode.swift; path = MixedDataViewController.swift; sourceTree = "<group>"; };
		BCBEADEA248E4A1A00C401E1 /* GridItemsCell.swift */ = {isa = PBXFileReference; lastKnownFileType = sourcecode.swift; path = GridItemsCell.swift; sourceTree = "<group>"; };
		BCBEADEC248E4BFB00C401E1 /* UserCell.swift */ = {isa = PBXFileReference; lastKnownFileType = sourcecode.swift; path = UserCell.swift; sourceTree = "<group>"; };
		BCBEADEE248E4F5300C401E1 /* ExpandableLabelCell.swift */ = {isa = PBXFileReference; lastKnownFileType = sourcecode.swift; path = ExpandableLabelCell.swift; sourceTree = "<group>"; };
		BCBEADF0248F2FC100C401E1 /* EmptyViewController.swift */ = {isa = PBXFileReference; lastKnownFileType = sourcecode.swift; path = EmptyViewController.swift; sourceTree = "<group>"; };
		BCBEADF2248F336700C401E1 /* RemoveCell.swift */ = {isa = PBXFileReference; lastKnownFileType = sourcecode.swift; path = RemoveCell.swift; sourceTree = "<group>"; };
		BCBEADF4248F354200C401E1 /* EmptyViewContainerModel.swift */ = {isa = PBXFileReference; lastKnownFileType = sourcecode.swift; path = EmptyViewContainerModel.swift; sourceTree = "<group>"; };
		BCBEADF6248F3E3300C401E1 /* CalendarViewController.swift */ = {isa = PBXFileReference; lastKnownFileType = sourcecode.swift; path = CalendarViewController.swift; sourceTree = "<group>"; };
		BCBEADF8248F427000C401E1 /* CalendarContainerModel.swift */ = {isa = PBXFileReference; lastKnownFileType = sourcecode.swift; path = CalendarContainerModel.swift; sourceTree = "<group>"; };
		BCCF5C53248E019D00D4A131 /* RefreshViewController.swift */ = {isa = PBXFileReference; lastKnownFileType = sourcecode.swift; path = RefreshViewController.swift; sourceTree = "<group>"; };
		BCFEFB8924306D8D0019E86F /* BaseUnitTestCase.swift */ = {isa = PBXFileReference; lastKnownFileType = sourcecode.swift; path = BaseUnitTestCase.swift; sourceTree = "<group>"; };
		C1F74BEE9968685B2A83CAF4 /* Pods-DCFrame_Example.release.xcconfig */ = {isa = PBXFileReference; includeInIndex = 1; lastKnownFileType = text.xcconfig; name = "Pods-DCFrame_Example.release.xcconfig"; path = "Target Support Files/Pods-DCFrame_Example/Pods-DCFrame_Example.release.xcconfig"; sourceTree = "<group>"; };
		D3F860F0BCBA48E6225DADB6 /* Pods_DCFrame_Example.framework */ = {isa = PBXFileReference; explicitFileType = wrapper.framework; includeInIndex = 0; path = Pods_DCFrame_Example.framework; sourceTree = BUILT_PRODUCTS_DIR; };
		D81BD4BF83BDF5EBBF738804 /* Pods-DCFrame_ExampleTests.release.xcconfig */ = {isa = PBXFileReference; includeInIndex = 1; lastKnownFileType = text.xcconfig; name = "Pods-DCFrame_ExampleTests.release.xcconfig"; path = "Target Support Files/Pods-DCFrame_ExampleTests/Pods-DCFrame_ExampleTests.release.xcconfig"; sourceTree = "<group>"; };
		D85064AA788517B4077E0C9C /* Pods_DCFrame_ExampleTests.framework */ = {isa = PBXFileReference; explicitFileType = wrapper.framework; includeInIndex = 0; path = Pods_DCFrame_ExampleTests.framework; sourceTree = BUILT_PRODUCTS_DIR; };
		EAD5402AF072EC3797406DD0 /* DCFrame.podspec */ = {isa = PBXFileReference; includeInIndex = 1; lastKnownFileType = text; name = DCFrame.podspec; path = ../DCFrame.podspec; sourceTree = "<group>"; xcLanguageSpecificationIdentifier = xcode.lang.ruby; };
/* End PBXFileReference section */

/* Begin PBXFrameworksBuildPhase section */
		607FACCD1AFB9204008FA782 /* Frameworks */ = {
			isa = PBXFrameworksBuildPhase;
			buildActionMask = 2147483647;
			files = (
				BC997E9D2490C46500E5F891 /* DCFrame.framework in Frameworks */,
				9BFB86445EBC73E2127DE39F /* Pods_DCFrame_Example.framework in Frameworks */,
			);
			runOnlyForDeploymentPostprocessing = 0;
		};
		BC407C32242FA6CB007F8B8C /* Frameworks */ = {
			isa = PBXFrameworksBuildPhase;
			buildActionMask = 2147483647;
			files = (
				DF47CE35AAEBBD6976CB0BBA /* Pods_DCFrame_ExampleTests.framework in Frameworks */,
			);
			runOnlyForDeploymentPostprocessing = 0;
		};
		BC407C40242FA6F8007F8B8C /* Frameworks */ = {
			isa = PBXFrameworksBuildPhase;
			buildActionMask = 2147483647;
			files = (
			);
			runOnlyForDeploymentPostprocessing = 0;
		};
/* End PBXFrameworksBuildPhase section */

/* Begin PBXGroup section */
		607FACC71AFB9204008FA782 = {
			isa = PBXGroup;
			children = (
				607FACF51AFB993E008FA782 /* Podspec Metadata */,
				607FACD21AFB9204008FA782 /* Example for DCFrame */,
				BC407C36242FA6CB007F8B8C /* DCFrame_ExampleTests */,
				BC407C44242FA6F8007F8B8C /* DCFrame_ExampleUITests */,
				607FACD11AFB9204008FA782 /* Products */,
				E4CBE2342C4450AF4C8CD852 /* Pods */,
				F43403A7BC445306BAC2E303 /* Frameworks */,
			);
			sourceTree = "<group>";
		};
		607FACD11AFB9204008FA782 /* Products */ = {
			isa = PBXGroup;
			children = (
				607FACD01AFB9204008FA782 /* DCFrame_Example.app */,
				BC407C35242FA6CB007F8B8C /* DCFrame_ExampleTests.xctest */,
				BC407C43242FA6F8007F8B8C /* DCFrame_ExampleUITests.xctest */,
			);
			name = Products;
			sourceTree = "<group>";
		};
		607FACD21AFB9204008FA782 /* Example for DCFrame */ = {
			isa = PBXGroup;
			children = (
				BC364134242F011500B20760 /* Base */,
				BC768C3625066E3D00409CA6 /* SimpleList */,
				BC768C3B25072F4100409CA6 /* SimpleListXib */,
				BC1A222A25073364004EB910 /* RefreshAndLoad */,
				BC1A222D2507376E004EB910 /* SearchAutocomplete */,
				BC1A222E2507410C004EB910 /* MixedData */,
				BC1A222F2507419B004EB910 /* EmptyView */,
				BC1A2230250742E5004EB910 /* WorkingRange */,
				BC1A22312507439F004EB910 /* DiffAlgorithm */,
				BC1A2232250743EC004EB910 /* Calendar */,
				BC1A2234250744CB004EB910 /* ShareData */,
				BC1A2237250747BF004EB910 /* PostList */,
				BC1A223825074837004EB910 /* MergeExample */,
				607FACDC1AFB9204008FA782 /* Images.xcassets */,
				607FACDE1AFB9204008FA782 /* LaunchScreen.xib */,
				607FACD31AFB9204008FA782 /* Supporting Files */,
			);
			name = "Example for DCFrame";
			path = DCFrame;
			sourceTree = "<group>";
		};
		607FACD31AFB9204008FA782 /* Supporting Files */ = {
			isa = PBXGroup;
			children = (
				607FACD41AFB9204008FA782 /* Info.plist */,
			);
			name = "Supporting Files";
			sourceTree = "<group>";
		};
		607FACF51AFB993E008FA782 /* Podspec Metadata */ = {
			isa = PBXGroup;
			children = (
				EAD5402AF072EC3797406DD0 /* DCFrame.podspec */,
				92213781D417229C93444446 /* README.md */,
				4AFD2CCF1CD26ED226EEE5DD /* LICENSE */,
			);
			name = "Podspec Metadata";
			sourceTree = "<group>";
		};
		BC1A222A25073364004EB910 /* RefreshAndLoad */ = {
			isa = PBXGroup;
			children = (
				BCCF5C53248E019D00D4A131 /* RefreshViewController.swift */,
				BC8139C924A8ABF30084378C /* RefreshCM.swift */,
			);
			path = RefreshAndLoad;
			sourceTree = "<group>";
		};
		BC1A222D2507376E004EB910 /* SearchAutocomplete */ = {
			isa = PBXGroup;
			children = (
				BCBEADE2248E2A8100C401E1 /* SearchAutoCompleteViewController.swift */,
				BCBEADE6248E2F0600C401E1 /* SearchAutoCompleteCM.swift */,
				BCBEADE4248E2CD400C401E1 /* SearchCell.swift */,
			);
			path = SearchAutocomplete;
			sourceTree = "<group>";
		};
		BC1A222E2507410C004EB910 /* MixedData */ = {
			isa = PBXGroup;
			children = (
				BCBEADE8248E462200C401E1 /* MixedDataViewController.swift */,
				BCBEADEE248E4F5300C401E1 /* ExpandableLabelCell.swift */,
				BCBEADEA248E4A1A00C401E1 /* GridItemsCell.swift */,
				BCBEADEC248E4BFB00C401E1 /* UserCell.swift */,
			);
			path = MixedData;
			sourceTree = "<group>";
		};
		BC1A222F2507419B004EB910 /* EmptyView */ = {
			isa = PBXGroup;
			children = (
				BCBEADF0248F2FC100C401E1 /* EmptyViewController.swift */,
				BCBEADF4248F354200C401E1 /* EmptyViewContainerModel.swift */,
				BCBEADF2248F336700C401E1 /* RemoveCell.swift */,
			);
			path = EmptyView;
			sourceTree = "<group>";
		};
		BC1A2230250742E5004EB910 /* WorkingRange */ = {
			isa = PBXGroup;
			children = (
				BC997EA02490FCFF00E5F891 /* WorkingRangeViewController.swift */,
				BC997EA2249104D800E5F891 /* ImageCell.swift */,
			);
			path = WorkingRange;
			sourceTree = "<group>";
		};
		BC1A22312507439F004EB910 /* DiffAlgorithm */ = {
			isa = PBXGroup;
			children = (
				BC997E9E2490E44600E5F891 /* DiffTableViewController.swift */,
				BC1A222B25073411004EB910 /* DiffLabelCellModel.swift */,
			);
			path = DiffAlgorithm;
			sourceTree = "<group>";
		};
		BC1A2232250743EC004EB910 /* Calendar */ = {
			isa = PBXGroup;
			children = (
				BCBEADF6248F3E3300C401E1 /* CalendarViewController.swift */,
				BCBEADF8248F427000C401E1 /* CalendarContainerModel.swift */,
				BC3267C9248F545F008A9B48 /* MonthTitleCell.swift */,
				BC3267CB248F5506008A9B48 /* CalendarView.swift */,
			);
			path = Calendar;
			sourceTree = "<group>";
		};
		BC1A2234250744CB004EB910 /* ShareData */ = {
			isa = PBXGroup;
			children = (
				BC3267CF248F7423008A9B48 /* ShareDataViewController.swift */,
				BC1A223525074560004EB910 /* ShareDataLabelCell.swift */,
			);
			path = ShareData;
			sourceTree = "<group>";
		};
		BC1A2237250747BF004EB910 /* PostList */ = {
			isa = PBXGroup;
			children = (
				BC3267D1248F82B6008A9B48 /* PostListViewController.swift */,
				BC3267D3248F82D9008A9B48 /* PostListContainerModel.swift */,
				BC3267DF248F8F91008A9B48 /* PostItemContainerModel.swift */,
				BC3267DD248F8EEA008A9B48 /* PostCommentsContainerModel.swift */,
				BC3267D5248F8332008A9B48 /* UserInfoCell.swift */,
				BC3267D7248F87EE008A9B48 /* PhotoCell.swift */,
				BC3267D9248F8884008A9B48 /* CommentCell.swift */,
				BC3267DB248F8A15008A9B48 /* InteractiveCell.swift */,
			);
			path = PostList;
			sourceTree = "<group>";
		};
		BC1A223825074837004EB910 /* MergeExample */ = {
			isa = PBXGroup;
			children = (
				BC3267E1248F962A008A9B48 /* MergeViewController.swift */,
			);
			path = MergeExample;
			sourceTree = "<group>";
		};
		BC364134242F011500B20760 /* Base */ = {
			isa = PBXGroup;
			children = (
				607FACD51AFB9204008FA782 /* AppDelegate.swift */,
				607FACD71AFB9204008FA782 /* ViewController.swift */,
				BC364135242F011500B20760 /* DCViewController.swift */,
				BC8139C724A876F60084378C /* DCRefreshViewController.swift */,
			);
			name = Base;
			path = DCFrame/Base;
			sourceTree = SOURCE_ROOT;
		};
		BC407C36242FA6CB007F8B8C /* DCFrame_ExampleTests */ = {
			isa = PBXGroup;
			children = (
				BC407C39242FA6CB007F8B8C /* Info.plist */,
				BCFEFB8924306D8D0019E86F /* BaseUnitTestCase.swift */,
				BC407C5224306A9F007F8B8C /* EventDataControllerTests.swift */,
			);
			path = DCFrame_ExampleTests;
			sourceTree = "<group>";
		};
		BC407C44242FA6F8007F8B8C /* DCFrame_ExampleUITests */ = {
			isa = PBXGroup;
			children = (
				BC407C45242FA6F8007F8B8C /* DCFrame_ExampleUITests.swift */,
				BC407C47242FA6F8007F8B8C /* Info.plist */,
			);
			path = DCFrame_ExampleUITests;
			sourceTree = "<group>";
		};
		BC768C3625066E3D00409CA6 /* SimpleList */ = {
			isa = PBXGroup;
			children = (
				BC768C3725066E3D00409CA6 /* SimpleListViewController.swift */,
				BC768C3925066E6E00409CA6 /* SimpleLabelCell.swift */,
			);
			path = SimpleList;
			sourceTree = "<group>";
		};
		BC768C3B25072F4100409CA6 /* SimpleListXib */ = {
			isa = PBXGroup;
			children = (
				BC768C4025072F6600409CA6 /* SimpleListXibViewController.swift */,
				BC768C3C25072F4100409CA6 /* LabelCell.xib */,
				BC768C3D25072F4100409CA6 /* LabelCell.swift */,
			);
			path = SimpleListXib;
			sourceTree = "<group>";
		};
		E4CBE2342C4450AF4C8CD852 /* Pods */ = {
			isa = PBXGroup;
			children = (
				84A0DC99F9F023D1AA523209 /* Pods-DCFrame_Example.debug.xcconfig */,
				C1F74BEE9968685B2A83CAF4 /* Pods-DCFrame_Example.release.xcconfig */,
				591F874386941BBBE822C920 /* Pods-DCFrame_Tests.debug.xcconfig */,
				607D9826D3260FDCCFAB6536 /* Pods-DCFrame_Tests.release.xcconfig */,
				62F856678C886F1138590C49 /* Pods-DCFrame_ExampleTests.debug.xcconfig */,
				D81BD4BF83BDF5EBBF738804 /* Pods-DCFrame_ExampleTests.release.xcconfig */,
			);
			path = Pods;
			sourceTree = "<group>";
		};
		F43403A7BC445306BAC2E303 /* Frameworks */ = {
			isa = PBXGroup;
			children = (
				BC997E9C2490C46500E5F891 /* DCFrame.framework */,
				D3F860F0BCBA48E6225DADB6 /* Pods_DCFrame_Example.framework */,
				D85064AA788517B4077E0C9C /* Pods_DCFrame_ExampleTests.framework */,
			);
			name = Frameworks;
			sourceTree = "<group>";
		};
/* End PBXGroup section */

/* Begin PBXNativeTarget section */
		607FACCF1AFB9204008FA782 /* DCFrame_Example */ = {
			isa = PBXNativeTarget;
			buildConfigurationList = 607FACEF1AFB9204008FA782 /* Build configuration list for PBXNativeTarget "DCFrame_Example" */;
			buildPhases = (
				F4D183123D182776688F7809 /* [CP] Check Pods Manifest.lock */,
				607FACCC1AFB9204008FA782 /* Sources */,
				607FACCD1AFB9204008FA782 /* Frameworks */,
				607FACCE1AFB9204008FA782 /* Resources */,
				5B264A9CFEEA90F2A307D6FA /* [CP] Embed Pods Frameworks */,
			);
			buildRules = (
			);
			dependencies = (
			);
			name = DCFrame_Example;
			productName = DCFrame;
			productReference = 607FACD01AFB9204008FA782 /* DCFrame_Example.app */;
			productType = "com.apple.product-type.application";
		};
		BC407C34242FA6CB007F8B8C /* DCFrame_ExampleTests */ = {
			isa = PBXNativeTarget;
			buildConfigurationList = BC407C3C242FA6CB007F8B8C /* Build configuration list for PBXNativeTarget "DCFrame_ExampleTests" */;
			buildPhases = (
				1C9F34D7DE1D904FD70E1C1F /* [CP] Check Pods Manifest.lock */,
				BC407C31242FA6CB007F8B8C /* Sources */,
				BC407C32242FA6CB007F8B8C /* Frameworks */,
				BC407C33242FA6CB007F8B8C /* Resources */,
				9DAE9A62CF4268531BD41A25 /* [CP] Embed Pods Frameworks */,
			);
			buildRules = (
			);
			dependencies = (
				BC407C3B242FA6CB007F8B8C /* PBXTargetDependency */,
			);
			name = DCFrame_ExampleTests;
			productName = DCFrame_ExampleTests;
			productReference = BC407C35242FA6CB007F8B8C /* DCFrame_ExampleTests.xctest */;
			productType = "com.apple.product-type.bundle.unit-test";
		};
		BC407C42242FA6F8007F8B8C /* DCFrame_ExampleUITests */ = {
			isa = PBXNativeTarget;
			buildConfigurationList = BC407C4A242FA6F8007F8B8C /* Build configuration list for PBXNativeTarget "DCFrame_ExampleUITests" */;
			buildPhases = (
				BC407C3F242FA6F8007F8B8C /* Sources */,
				BC407C40242FA6F8007F8B8C /* Frameworks */,
				BC407C41242FA6F8007F8B8C /* Resources */,
			);
			buildRules = (
			);
			dependencies = (
				BC407C49242FA6F8007F8B8C /* PBXTargetDependency */,
			);
			name = DCFrame_ExampleUITests;
			productName = DCFrame_ExampleUITests;
			productReference = BC407C43242FA6F8007F8B8C /* DCFrame_ExampleUITests.xctest */;
			productType = "com.apple.product-type.bundle.ui-testing";
		};
/* End PBXNativeTarget section */

/* Begin PBXProject section */
		607FACC81AFB9204008FA782 /* Project object */ = {
			isa = PBXProject;
			attributes = {
				LastSwiftUpdateCheck = 1140;
				LastUpgradeCheck = 1130;
				ORGANIZATIONNAME = Bytedance;
				TargetAttributes = {
					607FACCF1AFB9204008FA782 = {
						CreatedOnToolsVersion = 6.3.1;
						LastSwiftMigration = 1130;
					};
					BC407C34242FA6CB007F8B8C = {
						CreatedOnToolsVersion = 11.4;
						ProvisioningStyle = Automatic;
						TestTargetID = 607FACCF1AFB9204008FA782;
					};
					BC407C42242FA6F8007F8B8C = {
						CreatedOnToolsVersion = 11.4;
						ProvisioningStyle = Automatic;
						TestTargetID = 607FACCF1AFB9204008FA782;
					};
				};
			};
			buildConfigurationList = 607FACCB1AFB9204008FA782 /* Build configuration list for PBXProject "DCFrame" */;
			compatibilityVersion = "Xcode 3.2";
			developmentRegion = en;
			hasScannedForEncodings = 0;
			knownRegions = (
				en,
				Base,
			);
			mainGroup = 607FACC71AFB9204008FA782;
			productRefGroup = 607FACD11AFB9204008FA782 /* Products */;
			projectDirPath = "";
			projectRoot = "";
			targets = (
				607FACCF1AFB9204008FA782 /* DCFrame_Example */,
				BC407C34242FA6CB007F8B8C /* DCFrame_ExampleTests */,
				BC407C42242FA6F8007F8B8C /* DCFrame_ExampleUITests */,
			);
		};
/* End PBXProject section */

/* Begin PBXResourcesBuildPhase section */
		607FACCE1AFB9204008FA782 /* Resources */ = {
			isa = PBXResourcesBuildPhase;
			buildActionMask = 2147483647;
			files = (
				607FACE01AFB9204008FA782 /* LaunchScreen.xib in Resources */,
				607FACDD1AFB9204008FA782 /* Images.xcassets in Resources */,
				BC768C3E25072F4100409CA6 /* LabelCell.xib in Resources */,
			);
			runOnlyForDeploymentPostprocessing = 0;
		};
		BC407C33242FA6CB007F8B8C /* Resources */ = {
			isa = PBXResourcesBuildPhase;
			buildActionMask = 2147483647;
			files = (
			);
			runOnlyForDeploymentPostprocessing = 0;
		};
		BC407C41242FA6F8007F8B8C /* Resources */ = {
			isa = PBXResourcesBuildPhase;
			buildActionMask = 2147483647;
			files = (
			);
			runOnlyForDeploymentPostprocessing = 0;
		};
/* End PBXResourcesBuildPhase section */

/* Begin PBXShellScriptBuildPhase section */
		1C9F34D7DE1D904FD70E1C1F /* [CP] Check Pods Manifest.lock */ = {
			isa = PBXShellScriptBuildPhase;
			buildActionMask = 2147483647;
			files = (
			);
			inputFileListPaths = (
			);
			inputPaths = (
				"${PODS_PODFILE_DIR_PATH}/Podfile.lock",
				"${PODS_ROOT}/Manifest.lock",
			);
			name = "[CP] Check Pods Manifest.lock";
			outputFileListPaths = (
			);
			outputPaths = (
				"$(DERIVED_FILE_DIR)/Pods-DCFrame_ExampleTests-checkManifestLockResult.txt",
			);
			runOnlyForDeploymentPostprocessing = 0;
			shellPath = /bin/sh;
			shellScript = "diff \"${PODS_PODFILE_DIR_PATH}/Podfile.lock\" \"${PODS_ROOT}/Manifest.lock\" > /dev/null\nif [ $? != 0 ] ; then\n    # print error to STDERR\n    echo \"error: The sandbox is not in sync with the Podfile.lock. Run 'pod install' or update your CocoaPods installation.\" >&2\n    exit 1\nfi\n# This output is used by Xcode 'outputs' to avoid re-running this script phase.\necho \"SUCCESS\" > \"${SCRIPT_OUTPUT_FILE_0}\"\n";
			showEnvVarsInLog = 0;
		};
		5B264A9CFEEA90F2A307D6FA /* [CP] Embed Pods Frameworks */ = {
			isa = PBXShellScriptBuildPhase;
			buildActionMask = 2147483647;
			files = (
			);
			inputPaths = (
				"${PODS_ROOT}/Target Support Files/Pods-DCFrame_Example/Pods-DCFrame_Example-frameworks.sh",
				"${BUILT_PRODUCTS_DIR}/DCFrame/DCFrame.framework",
			);
			name = "[CP] Embed Pods Frameworks";
			outputPaths = (
				"${TARGET_BUILD_DIR}/${FRAMEWORKS_FOLDER_PATH}/DCFrame.framework",
			);
			runOnlyForDeploymentPostprocessing = 0;
			shellPath = /bin/sh;
			shellScript = "\"${PODS_ROOT}/Target Support Files/Pods-DCFrame_Example/Pods-DCFrame_Example-frameworks.sh\"\n";
			showEnvVarsInLog = 0;
		};
		9DAE9A62CF4268531BD41A25 /* [CP] Embed Pods Frameworks */ = {
			isa = PBXShellScriptBuildPhase;
			buildActionMask = 2147483647;
			files = (
			);
			inputPaths = (
				"${PODS_ROOT}/Target Support Files/Pods-DCFrame_ExampleTests/Pods-DCFrame_ExampleTests-frameworks.sh",
				"${BUILT_PRODUCTS_DIR}/DCFrame/DCFrame.framework",
			);
			name = "[CP] Embed Pods Frameworks";
			outputPaths = (
				"${TARGET_BUILD_DIR}/${FRAMEWORKS_FOLDER_PATH}/DCFrame.framework",
			);
			runOnlyForDeploymentPostprocessing = 0;
			shellPath = /bin/sh;
			shellScript = "\"${PODS_ROOT}/Target Support Files/Pods-DCFrame_ExampleTests/Pods-DCFrame_ExampleTests-frameworks.sh\"\n";
			showEnvVarsInLog = 0;
		};
		F4D183123D182776688F7809 /* [CP] Check Pods Manifest.lock */ = {
			isa = PBXShellScriptBuildPhase;
			buildActionMask = 2147483647;
			files = (
			);
			inputFileListPaths = (
			);
			inputPaths = (
				"${PODS_PODFILE_DIR_PATH}/Podfile.lock",
				"${PODS_ROOT}/Manifest.lock",
			);
			name = "[CP] Check Pods Manifest.lock";
			outputFileListPaths = (
			);
			outputPaths = (
				"$(DERIVED_FILE_DIR)/Pods-DCFrame_Example-checkManifestLockResult.txt",
			);
			runOnlyForDeploymentPostprocessing = 0;
			shellPath = /bin/sh;
			shellScript = "diff \"${PODS_PODFILE_DIR_PATH}/Podfile.lock\" \"${PODS_ROOT}/Manifest.lock\" > /dev/null\nif [ $? != 0 ] ; then\n    # print error to STDERR\n    echo \"error: The sandbox is not in sync with the Podfile.lock. Run 'pod install' or update your CocoaPods installation.\" >&2\n    exit 1\nfi\n# This output is used by Xcode 'outputs' to avoid re-running this script phase.\necho \"SUCCESS\" > \"${SCRIPT_OUTPUT_FILE_0}\"\n";
			showEnvVarsInLog = 0;
		};
/* End PBXShellScriptBuildPhase section */

/* Begin PBXSourcesBuildPhase section */
		607FACCC1AFB9204008FA782 /* Sources */ = {
			isa = PBXSourcesBuildPhase;
			buildActionMask = 2147483647;
			files = (
				BC3267D2248F82B6008A9B48 /* PostListViewController.swift in Sources */,
				BC3267D8248F87EE008A9B48 /* PhotoCell.swift in Sources */,
				BC768C3825066E3D00409CA6 /* SimpleListViewController.swift in Sources */,
				BC997EA3249104D800E5F891 /* ImageCell.swift in Sources */,
				BC1A223625074560004EB910 /* ShareDataLabelCell.swift in Sources */,
				BC3267DE248F8EEA008A9B48 /* PostCommentsContainerModel.swift in Sources */,
				BCBEADE7248E2F0600C401E1 /* SearchAutoCompleteCM.swift in Sources */,
				BC997E9F2490E44600E5F891 /* DiffTableViewController.swift in Sources */,
				607FACD81AFB9204008FA782 /* ViewController.swift in Sources */,
				BCBEADF7248F3E3300C401E1 /* CalendarViewController.swift in Sources */,
				BCBEADF3248F336700C401E1 /* RemoveCell.swift in Sources */,
				BCBEADE5248E2CD400C401E1 /* SearchCell.swift in Sources */,
				BC3267D0248F7423008A9B48 /* ShareDataViewController.swift in Sources */,
				BCBEADF9248F427000C401E1 /* CalendarContainerModel.swift in Sources */,
				BC3267D6248F8332008A9B48 /* UserInfoCell.swift in Sources */,
				BCBEADEB248E4A1A00C401E1 /* GridItemsCell.swift in Sources */,
				BC1A222C25073411004EB910 /* DiffLabelCellModel.swift in Sources */,
				BCCF5C54248E019D00D4A131 /* RefreshViewController.swift in Sources */,
				BC3267CA248F545F008A9B48 /* MonthTitleCell.swift in Sources */,
				BC8139C824A876F60084378C /* DCRefreshViewController.swift in Sources */,
				BC3267DA248F8884008A9B48 /* CommentCell.swift in Sources */,
				BC997EA12490FCFF00E5F891 /* WorkingRangeViewController.swift in Sources */,
				BCBEADF5248F354200C401E1 /* EmptyViewContainerModel.swift in Sources */,
				BC3267CC248F5506008A9B48 /* CalendarView.swift in Sources */,
				BC768C3A25066E6E00409CA6 /* SimpleLabelCell.swift in Sources */,
				BC3267D4248F82D9008A9B48 /* PostListContainerModel.swift in Sources */,
				BCBEADE3248E2A8100C401E1 /* SearchAutoCompleteViewController.swift in Sources */,
				BCBEADED248E4BFB00C401E1 /* UserCell.swift in Sources */,
				BC364136242F011500B20760 /* DCViewController.swift in Sources */,
				BCBEADE9248E462200C401E1 /* MixedDataViewController.swift in Sources */,
				BC3267E0248F8F91008A9B48 /* PostItemContainerModel.swift in Sources */,
				BC3267DC248F8A15008A9B48 /* InteractiveCell.swift in Sources */,
				BC768C3F25072F4100409CA6 /* LabelCell.swift in Sources */,
				607FACD61AFB9204008FA782 /* AppDelegate.swift in Sources */,
				BC3267E2248F962A008A9B48 /* MergeViewController.swift in Sources */,
				BCBEADF1248F2FC100C401E1 /* EmptyViewController.swift in Sources */,
				BC768C4125072F6600409CA6 /* SimpleListXibViewController.swift in Sources */,
				BCBEADEF248E4F5300C401E1 /* ExpandableLabelCell.swift in Sources */,
				BC8139CA24A8ABF30084378C /* RefreshCM.swift in Sources */,
			);
			runOnlyForDeploymentPostprocessing = 0;
		};
		BC407C31242FA6CB007F8B8C /* Sources */ = {
			isa = PBXSourcesBuildPhase;
			buildActionMask = 2147483647;
			files = (
				BC407C5324306A9F007F8B8C /* EventDataControllerTests.swift in Sources */,
				BCFEFB8A24306D8D0019E86F /* BaseUnitTestCase.swift in Sources */,
			);
			runOnlyForDeploymentPostprocessing = 0;
		};
		BC407C3F242FA6F8007F8B8C /* Sources */ = {
			isa = PBXSourcesBuildPhase;
			buildActionMask = 2147483647;
			files = (
				BC407C46242FA6F8007F8B8C /* DCFrame_ExampleUITests.swift in Sources */,
			);
			runOnlyForDeploymentPostprocessing = 0;
		};
/* End PBXSourcesBuildPhase section */

/* Begin PBXTargetDependency section */
		BC407C3B242FA6CB007F8B8C /* PBXTargetDependency */ = {
			isa = PBXTargetDependency;
			target = 607FACCF1AFB9204008FA782 /* DCFrame_Example */;
			targetProxy = BC407C3A242FA6CB007F8B8C /* PBXContainerItemProxy */;
		};
		BC407C49242FA6F8007F8B8C /* PBXTargetDependency */ = {
			isa = PBXTargetDependency;
			target = 607FACCF1AFB9204008FA782 /* DCFrame_Example */;
			targetProxy = BC407C48242FA6F8007F8B8C /* PBXContainerItemProxy */;
		};
/* End PBXTargetDependency section */

/* Begin PBXVariantGroup section */
		607FACDE1AFB9204008FA782 /* LaunchScreen.xib */ = {
			isa = PBXVariantGroup;
			children = (
				607FACDF1AFB9204008FA782 /* Base */,
			);
			name = LaunchScreen.xib;
			sourceTree = "<group>";
		};
/* End PBXVariantGroup section */

/* Begin XCBuildConfiguration section */
		607FACED1AFB9204008FA782 /* Debug */ = {
			isa = XCBuildConfiguration;
			buildSettings = {
				ALWAYS_SEARCH_USER_PATHS = NO;
				CLANG_ANALYZER_LOCALIZABILITY_NONLOCALIZED = YES;
				CLANG_CXX_LANGUAGE_STANDARD = "gnu++0x";
				CLANG_CXX_LIBRARY = "libc++";
				CLANG_ENABLE_MODULES = YES;
				CLANG_ENABLE_OBJC_ARC = YES;
				CLANG_WARN_BLOCK_CAPTURE_AUTORELEASING = YES;
				CLANG_WARN_BOOL_CONVERSION = YES;
				CLANG_WARN_COMMA = YES;
				CLANG_WARN_CONSTANT_CONVERSION = YES;
				CLANG_WARN_DEPRECATED_OBJC_IMPLEMENTATIONS = YES;
				CLANG_WARN_DIRECT_OBJC_ISA_USAGE = YES_ERROR;
				CLANG_WARN_EMPTY_BODY = YES;
				CLANG_WARN_ENUM_CONVERSION = YES;
				CLANG_WARN_INFINITE_RECURSION = YES;
				CLANG_WARN_INT_CONVERSION = YES;
				CLANG_WARN_NON_LITERAL_NULL_CONVERSION = YES;
				CLANG_WARN_OBJC_IMPLICIT_RETAIN_SELF = YES;
				CLANG_WARN_OBJC_LITERAL_CONVERSION = YES;
				CLANG_WARN_OBJC_ROOT_CLASS = YES_ERROR;
				CLANG_WARN_RANGE_LOOP_ANALYSIS = YES;
				CLANG_WARN_STRICT_PROTOTYPES = YES;
				CLANG_WARN_SUSPICIOUS_MOVE = YES;
				CLANG_WARN_UNREACHABLE_CODE = YES;
				CLANG_WARN__DUPLICATE_METHOD_MATCH = YES;
				"CODE_SIGN_IDENTITY[sdk=iphoneos*]" = "iPhone Developer";
				COPY_PHASE_STRIP = NO;
				DEBUG_INFORMATION_FORMAT = "dwarf-with-dsym";
				ENABLE_STRICT_OBJC_MSGSEND = YES;
				ENABLE_TESTABILITY = YES;
				GCC_C_LANGUAGE_STANDARD = gnu99;
				GCC_DYNAMIC_NO_PIC = NO;
				GCC_NO_COMMON_BLOCKS = YES;
				GCC_OPTIMIZATION_LEVEL = 0;
				GCC_PREPROCESSOR_DEFINITIONS = (
					"DEBUG=1",
					"$(inherited)",
				);
				GCC_SYMBOLS_PRIVATE_EXTERN = NO;
				GCC_WARN_64_TO_32_BIT_CONVERSION = YES;
				GCC_WARN_ABOUT_RETURN_TYPE = YES_ERROR;
				GCC_WARN_UNDECLARED_SELECTOR = YES;
				GCC_WARN_UNINITIALIZED_AUTOS = YES_AGGRESSIVE;
				GCC_WARN_UNUSED_FUNCTION = YES;
				GCC_WARN_UNUSED_VARIABLE = YES;
				IPHONEOS_DEPLOYMENT_TARGET = 9.3;
				MTL_ENABLE_DEBUG_INFO = YES;
				ONLY_ACTIVE_ARCH = YES;
				SDKROOT = iphoneos;
				SWIFT_OPTIMIZATION_LEVEL = "-Onone";
			};
			name = Debug;
		};
		607FACEE1AFB9204008FA782 /* Release */ = {
			isa = XCBuildConfiguration;
			buildSettings = {
				ALWAYS_SEARCH_USER_PATHS = NO;
				CLANG_ANALYZER_LOCALIZABILITY_NONLOCALIZED = YES;
				CLANG_CXX_LANGUAGE_STANDARD = "gnu++0x";
				CLANG_CXX_LIBRARY = "libc++";
				CLANG_ENABLE_MODULES = YES;
				CLANG_ENABLE_OBJC_ARC = YES;
				CLANG_WARN_BLOCK_CAPTURE_AUTORELEASING = YES;
				CLANG_WARN_BOOL_CONVERSION = YES;
				CLANG_WARN_COMMA = YES;
				CLANG_WARN_CONSTANT_CONVERSION = YES;
				CLANG_WARN_DEPRECATED_OBJC_IMPLEMENTATIONS = YES;
				CLANG_WARN_DIRECT_OBJC_ISA_USAGE = YES_ERROR;
				CLANG_WARN_EMPTY_BODY = YES;
				CLANG_WARN_ENUM_CONVERSION = YES;
				CLANG_WARN_INFINITE_RECURSION = YES;
				CLANG_WARN_INT_CONVERSION = YES;
				CLANG_WARN_NON_LITERAL_NULL_CONVERSION = YES;
				CLANG_WARN_OBJC_IMPLICIT_RETAIN_SELF = YES;
				CLANG_WARN_OBJC_LITERAL_CONVERSION = YES;
				CLANG_WARN_OBJC_ROOT_CLASS = YES_ERROR;
				CLANG_WARN_RANGE_LOOP_ANALYSIS = YES;
				CLANG_WARN_STRICT_PROTOTYPES = YES;
				CLANG_WARN_SUSPICIOUS_MOVE = YES;
				CLANG_WARN_UNREACHABLE_CODE = YES;
				CLANG_WARN__DUPLICATE_METHOD_MATCH = YES;
				"CODE_SIGN_IDENTITY[sdk=iphoneos*]" = "iPhone Developer";
				COPY_PHASE_STRIP = NO;
				DEBUG_INFORMATION_FORMAT = "dwarf-with-dsym";
				ENABLE_NS_ASSERTIONS = NO;
				ENABLE_STRICT_OBJC_MSGSEND = YES;
				GCC_C_LANGUAGE_STANDARD = gnu99;
				GCC_NO_COMMON_BLOCKS = YES;
				GCC_WARN_64_TO_32_BIT_CONVERSION = YES;
				GCC_WARN_ABOUT_RETURN_TYPE = YES_ERROR;
				GCC_WARN_UNDECLARED_SELECTOR = YES;
				GCC_WARN_UNINITIALIZED_AUTOS = YES_AGGRESSIVE;
				GCC_WARN_UNUSED_FUNCTION = YES;
				GCC_WARN_UNUSED_VARIABLE = YES;
				IPHONEOS_DEPLOYMENT_TARGET = 9.3;
				MTL_ENABLE_DEBUG_INFO = NO;
				SDKROOT = iphoneos;
				SWIFT_OPTIMIZATION_LEVEL = "-Owholemodule";
				VALIDATE_PRODUCT = YES;
			};
			name = Release;
		};
		607FACF01AFB9204008FA782 /* Debug */ = {
			isa = XCBuildConfiguration;
			baseConfigurationReference = 84A0DC99F9F023D1AA523209 /* Pods-DCFrame_Example.debug.xcconfig */;
			buildSettings = {
				ASSETCATALOG_COMPILER_APPICON_NAME = AppIcon;
				INFOPLIST_FILE = DCFrame/Info.plist;
				IPHONEOS_DEPLOYMENT_TARGET = 11.0;
				LD_RUNPATH_SEARCH_PATHS = "$(inherited) @executable_path/Frameworks";
				MACH_O_TYPE = mh_execute;
				MODULE_NAME = ExampleApp;
				PRODUCT_BUNDLE_IDENTIFIER = "org.cocoapods.demo.$(PRODUCT_NAME:rfc1034identifier)";
				PRODUCT_NAME = "$(TARGET_NAME)";
				SWIFT_SUPPRESS_WARNINGS = NO;
				SWIFT_SWIFT3_OBJC_INFERENCE = Default;
				SWIFT_VERSION = 5.0;
				USER_HEADER_SEARCH_PATHS = "$(PODS_ROOT)/**";
			};
			name = Debug;
		};
		607FACF11AFB9204008FA782 /* Release */ = {
			isa = XCBuildConfiguration;
			baseConfigurationReference = C1F74BEE9968685B2A83CAF4 /* Pods-DCFrame_Example.release.xcconfig */;
			buildSettings = {
				ASSETCATALOG_COMPILER_APPICON_NAME = AppIcon;
				INFOPLIST_FILE = DCFrame/Info.plist;
				IPHONEOS_DEPLOYMENT_TARGET = 11.0;
				LD_RUNPATH_SEARCH_PATHS = "$(inherited) @executable_path/Frameworks";
				MACH_O_TYPE = mh_execute;
				MODULE_NAME = ExampleApp;
				PRODUCT_BUNDLE_IDENTIFIER = "org.cocoapods.demo.$(PRODUCT_NAME:rfc1034identifier)";
				PRODUCT_NAME = "$(TARGET_NAME)";
				SWIFT_SUPPRESS_WARNINGS = NO;
				SWIFT_SWIFT3_OBJC_INFERENCE = Default;
				SWIFT_VERSION = 5.0;
				USER_HEADER_SEARCH_PATHS = "$(PODS_ROOT)/**";
			};
			name = Release;
		};
		BC407C3D242FA6CB007F8B8C /* Debug */ = {
			isa = XCBuildConfiguration;
			baseConfigurationReference = 62F856678C886F1138590C49 /* Pods-DCFrame_ExampleTests.debug.xcconfig */;
			buildSettings = {
				BUNDLE_LOADER = "$(TEST_HOST)";
				CLANG_ANALYZER_NONNULL = YES;
				CLANG_ANALYZER_NUMBER_OBJECT_CONVERSION = YES_AGGRESSIVE;
				CLANG_CXX_LANGUAGE_STANDARD = "gnu++14";
				CLANG_ENABLE_OBJC_WEAK = YES;
				CLANG_WARN_DOCUMENTATION_COMMENTS = YES;
				CLANG_WARN_UNGUARDED_AVAILABILITY = YES_AGGRESSIVE;
				CODE_SIGN_STYLE = Automatic;
				DEBUG_INFORMATION_FORMAT = dwarf;
				GCC_C_LANGUAGE_STANDARD = gnu11;
				INFOPLIST_FILE = DCFrame_ExampleTests/Info.plist;
				IPHONEOS_DEPLOYMENT_TARGET = 13.4;
				LD_RUNPATH_SEARCH_PATHS = "$(inherited) @executable_path/Frameworks @loader_path/Frameworks";
				MTL_ENABLE_DEBUG_INFO = INCLUDE_SOURCE;
				MTL_FAST_MATH = YES;
				PRODUCT_BUNDLE_IDENTIFIER = "org.cocoapods.demo.DCFrame-ExampleTests";
				PRODUCT_NAME = "$(TARGET_NAME)";
				SWIFT_ACTIVE_COMPILATION_CONDITIONS = DEBUG;
				SWIFT_VERSION = 5.0;
				TARGETED_DEVICE_FAMILY = "1,2";
				TEST_HOST = "$(BUILT_PRODUCTS_DIR)/DCFrame_Example.app/DCFrame_Example";
			};
			name = Debug;
		};
		BC407C3E242FA6CB007F8B8C /* Release */ = {
			isa = XCBuildConfiguration;
			baseConfigurationReference = D81BD4BF83BDF5EBBF738804 /* Pods-DCFrame_ExampleTests.release.xcconfig */;
			buildSettings = {
				BUNDLE_LOADER = "$(TEST_HOST)";
				CLANG_ANALYZER_NONNULL = YES;
				CLANG_ANALYZER_NUMBER_OBJECT_CONVERSION = YES_AGGRESSIVE;
				CLANG_CXX_LANGUAGE_STANDARD = "gnu++14";
				CLANG_ENABLE_OBJC_WEAK = YES;
				CLANG_WARN_DOCUMENTATION_COMMENTS = YES;
				CLANG_WARN_UNGUARDED_AVAILABILITY = YES_AGGRESSIVE;
				CODE_SIGN_STYLE = Automatic;
				GCC_C_LANGUAGE_STANDARD = gnu11;
				INFOPLIST_FILE = DCFrame_ExampleTests/Info.plist;
				IPHONEOS_DEPLOYMENT_TARGET = 13.4;
				LD_RUNPATH_SEARCH_PATHS = "$(inherited) @executable_path/Frameworks @loader_path/Frameworks";
				MTL_FAST_MATH = YES;
				PRODUCT_BUNDLE_IDENTIFIER = "org.cocoapods.demo.DCFrame-ExampleTests";
				PRODUCT_NAME = "$(TARGET_NAME)";
				SWIFT_VERSION = 5.0;
				TARGETED_DEVICE_FAMILY = "1,2";
				TEST_HOST = "$(BUILT_PRODUCTS_DIR)/DCFrame_Example.app/DCFrame_Example";
			};
			name = Release;
		};
		BC407C4B242FA6F8007F8B8C /* Debug */ = {
			isa = XCBuildConfiguration;
			buildSettings = {
				CLANG_ANALYZER_NONNULL = YES;
				CLANG_ANALYZER_NUMBER_OBJECT_CONVERSION = YES_AGGRESSIVE;
				CLANG_CXX_LANGUAGE_STANDARD = "gnu++14";
				CLANG_ENABLE_OBJC_WEAK = YES;
				CLANG_WARN_DOCUMENTATION_COMMENTS = YES;
				CLANG_WARN_UNGUARDED_AVAILABILITY = YES_AGGRESSIVE;
				CODE_SIGN_STYLE = Automatic;
				DEBUG_INFORMATION_FORMAT = dwarf;
				GCC_C_LANGUAGE_STANDARD = gnu11;
				INFOPLIST_FILE = DCFrame_ExampleUITests/Info.plist;
				IPHONEOS_DEPLOYMENT_TARGET = 13.4;
				LD_RUNPATH_SEARCH_PATHS = "$(inherited) @executable_path/Frameworks @loader_path/Frameworks";
				MTL_ENABLE_DEBUG_INFO = INCLUDE_SOURCE;
				MTL_FAST_MATH = YES;
				PRODUCT_BUNDLE_IDENTIFIER = "org.cocoapods.demo.DCFrame-ExampleUITests";
				PRODUCT_NAME = "$(TARGET_NAME)";
				SWIFT_ACTIVE_COMPILATION_CONDITIONS = DEBUG;
				SWIFT_VERSION = 5.0;
				TARGETED_DEVICE_FAMILY = "1,2";
				TEST_TARGET_NAME = DCFrame_Example;
			};
			name = Debug;
		};
		BC407C4C242FA6F8007F8B8C /* Release */ = {
			isa = XCBuildConfiguration;
			buildSettings = {
				CLANG_ANALYZER_NONNULL = YES;
				CLANG_ANALYZER_NUMBER_OBJECT_CONVERSION = YES_AGGRESSIVE;
				CLANG_CXX_LANGUAGE_STANDARD = "gnu++14";
				CLANG_ENABLE_OBJC_WEAK = YES;
				CLANG_WARN_DOCUMENTATION_COMMENTS = YES;
				CLANG_WARN_UNGUARDED_AVAILABILITY = YES_AGGRESSIVE;
				CODE_SIGN_STYLE = Automatic;
				GCC_C_LANGUAGE_STANDARD = gnu11;
				INFOPLIST_FILE = DCFrame_ExampleUITests/Info.plist;
				IPHONEOS_DEPLOYMENT_TARGET = 13.4;
				LD_RUNPATH_SEARCH_PATHS = "$(inherited) @executable_path/Frameworks @loader_path/Frameworks";
				MTL_FAST_MATH = YES;
				PRODUCT_BUNDLE_IDENTIFIER = "org.cocoapods.demo.DCFrame-ExampleUITests";
				PRODUCT_NAME = "$(TARGET_NAME)";
				SWIFT_VERSION = 5.0;
				TARGETED_DEVICE_FAMILY = "1,2";
				TEST_TARGET_NAME = DCFrame_Example;
			};
			name = Release;
		};
/* End XCBuildConfiguration section */

/* Begin XCConfigurationList section */
		607FACCB1AFB9204008FA782 /* Build configuration list for PBXProject "DCFrame" */ = {
			isa = XCConfigurationList;
			buildConfigurations = (
				607FACED1AFB9204008FA782 /* Debug */,
				607FACEE1AFB9204008FA782 /* Release */,
			);
			defaultConfigurationIsVisible = 0;
			defaultConfigurationName = Release;
		};
		607FACEF1AFB9204008FA782 /* Build configuration list for PBXNativeTarget "DCFrame_Example" */ = {
			isa = XCConfigurationList;
			buildConfigurations = (
				607FACF01AFB9204008FA782 /* Debug */,
				607FACF11AFB9204008FA782 /* Release */,
			);
			defaultConfigurationIsVisible = 0;
			defaultConfigurationName = Release;
		};
		BC407C3C242FA6CB007F8B8C /* Build configuration list for PBXNativeTarget "DCFrame_ExampleTests" */ = {
			isa = XCConfigurationList;
			buildConfigurations = (
				BC407C3D242FA6CB007F8B8C /* Debug */,
				BC407C3E242FA6CB007F8B8C /* Release */,
			);
			defaultConfigurationIsVisible = 0;
			defaultConfigurationName = Release;
		};
		BC407C4A242FA6F8007F8B8C /* Build configuration list for PBXNativeTarget "DCFrame_ExampleUITests" */ = {
			isa = XCConfigurationList;
			buildConfigurations = (
				BC407C4B242FA6F8007F8B8C /* Debug */,
				BC407C4C242FA6F8007F8B8C /* Release */,
			);
			defaultConfigurationIsVisible = 0;
			defaultConfigurationName = Release;
		};
/* End XCConfigurationList section */
	};
	rootObject = 607FACC81AFB9204008FA782 /* Project object */;
}
